// !$*UTF8*$!
{
	archiveVersion = 1;
	classes = {
	};
	objectVersion = 46;
	objects = {

/* Begin PBXBuildFile section */
		0C2C0AA9262A7F8D0038859D /* AEMCObject.m in Sources */ = {isa = PBXBuildFile; fileRef = 0C2C0AA8262A7F8D0038859D /* AEMCObject.m */; };
		0C2C0AB5262B17290038859D /* AEGroupObject.m in Sources */ = {isa = PBXBuildFile; fileRef = 0C2C0AB4262B17290038859D /* AEGroupObject.m */; };
		0C2C0ABC262B173A0038859D /* AEUserCenter.m in Sources */ = {isa = PBXBuildFile; fileRef = 0C2C0ABB262B173A0038859D /* AEUserCenter.m */; };
		0C2C0AC1262B1A7F0038859D /* AEGCDViewController.m in Sources */ = {isa = PBXBuildFile; fileRef = 0C2C0AC0262B1A7F0038859D /* AEGCDViewController.m */; };
		0CD128572635A75B0066F449 /* AEUnconventionalViewController.m in Sources */ = {isa = PBXBuildFile; fileRef = 0CD128562635A75B0066F449 /* AEUnconventionalViewController.m */; };
		0CD1285E2635A7860066F449 /* AEScrollViewController.m in Sources */ = {isa = PBXBuildFile; fileRef = 0CD1285D2635A7860066F449 /* AEScrollViewController.m */; };
		29416AB1E7CDF60B1F7C0E68 /* Pods_AEObjCWorking_Example.framework in Frameworks */ = {isa = PBXBuildFile; fileRef = B3248278C97182942419AF43 /* Pods_AEObjCWorking_Example.framework */; };
		5106C988FC001BC4CF2FDCA1 /* Pods_AEObjCWorking_Tests.framework in Frameworks */ = {isa = PBXBuildFile; fileRef = 6407D1651B08F82B58F210B4 /* Pods_AEObjCWorking_Tests.framework */; };
		6003F58E195388D20070C39A /* Foundation.framework in Frameworks */ = {isa = PBXBuildFile; fileRef = 6003F58D195388D20070C39A /* Foundation.framework */; };
		6003F590195388D20070C39A /* CoreGraphics.framework in Frameworks */ = {isa = PBXBuildFile; fileRef = 6003F58F195388D20070C39A /* CoreGraphics.framework */; };
		6003F592195388D20070C39A /* UIKit.framework in Frameworks */ = {isa = PBXBuildFile; fileRef = 6003F591195388D20070C39A /* UIKit.framework */; };
		6003F598195388D20070C39A /* InfoPlist.strings in Resources */ = {isa = PBXBuildFile; fileRef = 6003F596195388D20070C39A /* InfoPlist.strings */; };
		6003F59A195388D20070C39A /* main.m in Sources */ = {isa = PBXBuildFile; fileRef = 6003F599195388D20070C39A /* main.m */; };
		6003F59E195388D20070C39A /* AEAppDelegate.m in Sources */ = {isa = PBXBuildFile; fileRef = 6003F59D195388D20070C39A /* AEAppDelegate.m */; };
		6003F5A7195388D20070C39A /* AECustomOptioinController.m in Sources */ = {isa = PBXBuildFile; fileRef = 6003F5A6195388D20070C39A /* AECustomOptioinController.m */; };
		6003F5A9195388D20070C39A /* Images.xcassets in Resources */ = {isa = PBXBuildFile; fileRef = 6003F5A8195388D20070C39A /* Images.xcassets */; };
		6003F5B0195388D20070C39A /* XCTest.framework in Frameworks */ = {isa = PBXBuildFile; fileRef = 6003F5AF195388D20070C39A /* XCTest.framework */; };
		6003F5B1195388D20070C39A /* Foundation.framework in Frameworks */ = {isa = PBXBuildFile; fileRef = 6003F58D195388D20070C39A /* Foundation.framework */; };
		6003F5B2195388D20070C39A /* UIKit.framework in Frameworks */ = {isa = PBXBuildFile; fileRef = 6003F591195388D20070C39A /* UIKit.framework */; };
		6003F5BA195388D20070C39A /* InfoPlist.strings in Resources */ = {isa = PBXBuildFile; fileRef = 6003F5B8195388D20070C39A /* InfoPlist.strings */; };
		6003F5BC195388D20070C39A /* Tests.m in Sources */ = {isa = PBXBuildFile; fileRef = 6003F5BB195388D20070C39A /* Tests.m */; };
		6604B73B26E9A82600D9BA56 /* AEAddressViewController.m in Sources */ = {isa = PBXBuildFile; fileRef = 6604B73A26E9A82600D9BA56 /* AEAddressViewController.m */; };
		6604B74226E9DC8E00D9BA56 /* AEAddressSelectViewController.m in Sources */ = {isa = PBXBuildFile; fileRef = 6604B74126E9DC8C00D9BA56 /* AEAddressSelectViewController.m */; };
		6604B74526E9DCD500D9BA56 /* AEAddressTCell.m in Sources */ = {isa = PBXBuildFile; fileRef = 6604B74426E9DCD500D9BA56 /* AEAddressTCell.m */; };
		6604B74826E9DDF600D9BA56 /* AEAddressSelectView.m in Sources */ = {isa = PBXBuildFile; fileRef = 6604B74726E9DDF600D9BA56 /* AEAddressSelectView.m */; };
		6604B74D26E9DEF100D9BA56 /* AEAddressModel.m in Sources */ = {isa = PBXBuildFile; fileRef = 6604B74C26E9DEF100D9BA56 /* AEAddressModel.m */; };
		661EF3532627C588009E7037 /* AEBaseModel+AECategory.m in Sources */ = {isa = PBXBuildFile; fileRef = 661EF3522627C588009E7037 /* AEBaseModel+AECategory.m */; };
		661EF3582627C598009E7037 /* AEBaseModel+AECategoryTest.m in Sources */ = {isa = PBXBuildFile; fileRef = 661EF3572627C598009E7037 /* AEBaseModel+AECategoryTest.m */; };
		661EF3602627DE43009E7037 /* AENormalArithmetic.m in Sources */ = {isa = PBXBuildFile; fileRef = 661EF35F2627DE43009E7037 /* AENormalArithmetic.m */; };
		661EF3672627E1FD009E7037 /* AEArithmeticViewController.m in Sources */ = {isa = PBXBuildFile; fileRef = 661EF3662627E1FD009E7037 /* AEArithmeticViewController.m */; };
		661EF3732627F665009E7037 /* AEReverseList.m in Sources */ = {isa = PBXBuildFile; fileRef = 661EF3722627F665009E7037 /* AEReverseList.m */; };
		661EF37A26280D7A009E7037 /* AECommonSuperFind.m in Sources */ = {isa = PBXBuildFile; fileRef = 661EF37926280D7A009E7037 /* AECommonSuperFind.m */; };
		66273FEA2814F1760028840B /* profession.json in Resources */ = {isa = PBXBuildFile; fileRef = 66273FE92814F1760028840B /* profession.json */; };
		66273FED2815642C0028840B /* AEProfessionModel.m in Sources */ = {isa = PBXBuildFile; fileRef = 66273FEC2815642C0028840B /* AEProfessionModel.m */; };
		663DB3FA26E9F6690046C277 /* UIColor+AECategory.m in Sources */ = {isa = PBXBuildFile; fileRef = 663DB3F926E9F6690046C277 /* UIColor+AECategory.m */; };
		663F593D26B8DDF000B92C3A /* AEDataPropertyList.plist in Resources */ = {isa = PBXBuildFile; fileRef = 663F593C26B8DDF000B92C3A /* AEDataPropertyList.plist */; };
		663F594026B8DF3100B92C3A /* AEDataHelper.m in Sources */ = {isa = PBXBuildFile; fileRef = 663F593F26B8DF3100B92C3A /* AEDataHelper.m */; };
		663F594326B8E5F200B92C3A /* AEPlistViewController.m in Sources */ = {isa = PBXBuildFile; fileRef = 663F594226B8E5F200B92C3A /* AEPlistViewController.m */; };
		664AA8BC2723042500D31930 /* AELifeViewController.m in Sources */ = {isa = PBXBuildFile; fileRef = 664AA8BB2723042500D31930 /* AELifeViewController.m */; };
		6667E25E27E1E64100D9BA78 /* UIButton+AEImagePlace.m in Sources */ = {isa = PBXBuildFile; fileRef = 6667E25D27E1E64000D9BA78 /* UIButton+AEImagePlace.m */; };
		666CEFFC26115D5E00BCDF1E /* AEOCKnowledgeViewController.m in Sources */ = {isa = PBXBuildFile; fileRef = 666CEFFB26115D5E00BCDF1E /* AEOCKnowledgeViewController.m */; };
		666CF0072611669D00BCDF1E /* AEReusePoolViewController.m in Sources */ = {isa = PBXBuildFile; fileRef = 666CF0062611669D00BCDF1E /* AEReusePoolViewController.m */; };
		666CF00E261166DB00BCDF1E /* AEReusePool.m in Sources */ = {isa = PBXBuildFile; fileRef = 666CF00D261166DB00BCDF1E /* AEReusePool.m */; };
		666CF013261169B500BCDF1E /* AEIndexedTableView.m in Sources */ = {isa = PBXBuildFile; fileRef = 666CF012261169B500BCDF1E /* AEIndexedTableView.m */; };
		666CF01B26117B0E00BCDF1E /* AEEventViewController.m in Sources */ = {isa = PBXBuildFile; fileRef = 666CF01A26117B0E00BCDF1E /* AEEventViewController.m */; };
		666CF02226117B2B00BCDF1E /* AECustomButton.m in Sources */ = {isa = PBXBuildFile; fileRef = 666CF02126117B2B00BCDF1E /* AECustomButton.m */; };
		666CF02B2611806700BCDF1E /* AEKVOViewController.m in Sources */ = {isa = PBXBuildFile; fileRef = 666CF02A2611806700BCDF1E /* AEKVOViewController.m */; };
		666CF0302611808900BCDF1E /* AEMObject.m in Sources */ = {isa = PBXBuildFile; fileRef = 666CF02F2611808900BCDF1E /* AEMObject.m */; };
		666CF035261180BB00BCDF1E /* AEMObserver.m in Sources */ = {isa = PBXBuildFile; fileRef = 666CF034261180BB00BCDF1E /* AEMObserver.m */; };
		666CF0412611A02100BCDF1E /* AERuntimeObject.m in Sources */ = {isa = PBXBuildFile; fileRef = 666CF0402611A02100BCDF1E /* AERuntimeObject.m */; };
		666CF0482611A03400BCDF1E /* AERuntimeViewController.m in Sources */ = {isa = PBXBuildFile; fileRef = 666CF0472611A03400BCDF1E /* AERuntimeViewController.m */; };
		666CF0512611AB7800BCDF1E /* AEAccount.m in Sources */ = {isa = PBXBuildFile; fileRef = 666CF0502611AB7800BCDF1E /* AEAccount.m */; };
		666CF0592611ADC100BCDF1E /* AEMemoryViewController.m in Sources */ = {isa = PBXBuildFile; fileRef = 666CF0582611ADC100BCDF1E /* AEMemoryViewController.m */; };
		666CF05E2611ADF100BCDF1E /* NSTimer+AEWeakTimer.m in Sources */ = {isa = PBXBuildFile; fileRef = 666CF05D2611ADF100BCDF1E /* NSTimer+AEWeakTimer.m */; };
		666CF0662611B11C00BCDF1E /* AEBlockViewController.m in Sources */ = {isa = PBXBuildFile; fileRef = 666CF0652611B11C00BCDF1E /* AEBlockViewController.m */; };
		666CF06D2611B34A00BCDF1E /* AEMCBlock.m in Sources */ = {isa = PBXBuildFile; fileRef = 666CF06C2611B34A00BCDF1E /* AEMCBlock.m */; };
		666D7CE226EDE34F00CC131B /* Address.txt in Resources */ = {isa = PBXBuildFile; fileRef = 666D7CE126EDE34F00CC131B /* Address.txt */; };
		666D7CE426EE014A00CC131B /* Address1.txt in Resources */ = {isa = PBXBuildFile; fileRef = 666D7CE326EE014900CC131B /* Address1.txt */; };
		666DC53827C7784500FBDF41 /* AECategoryViewController.m in Sources */ = {isa = PBXBuildFile; fileRef = 666DC53727C7784500FBDF41 /* AECategoryViewController.m */; };
		666DC53B27C7788B00FBDF41 /* AEStudyModel.m in Sources */ = {isa = PBXBuildFile; fileRef = 666DC53A27C7788B00FBDF41 /* AEStudyModel.m */; };
		666DC53E27C7796D00FBDF41 /* AEStudyModel+StudyCategory.m in Sources */ = {isa = PBXBuildFile; fileRef = 666DC53D27C7796D00FBDF41 /* AEStudyModel+StudyCategory.m */; };
		666DC54127C77BCC00FBDF41 /* AEStudyModel+AEDouble.m in Sources */ = {isa = PBXBuildFile; fileRef = 666DC54027C77BCB00FBDF41 /* AEStudyModel+AEDouble.m */; };
		668F57E927C4CDB00045AED4 /* AEFileOperationViewController.m in Sources */ = {isa = PBXBuildFile; fileRef = 668F57E827C4CDB00045AED4 /* AEFileOperationViewController.m */; };
		669ACDFB27CDBB080013C239 /* AEGetFile.m in Sources */ = {isa = PBXBuildFile; fileRef = 669ACDFA27CDBB080013C239 /* AEGetFile.m */; };
		669E7F0027D9892900086068 /* AECustomTitleViewController.m in Sources */ = {isa = PBXBuildFile; fileRef = 669E7EFF27D9892900086068 /* AECustomTitleViewController.m */; };
		669E7F0427D9906E00086068 /* AECustomTitleView.m in Sources */ = {isa = PBXBuildFile; fileRef = 669E7F0327D9906E00086068 /* AECustomTitleView.m */; };
		66D5F3702816311600122904 /* AEProfessionTCell.m in Sources */ = {isa = PBXBuildFile; fileRef = 66D5F36F2816311600122904 /* AEProfessionTCell.m */; };
		66D5F3732816314500122904 /* AEProfessionSelectView.m in Sources */ = {isa = PBXBuildFile; fileRef = 66D5F3722816314500122904 /* AEProfessionSelectView.m */; };
		66D5F3762816318F00122904 /* AEProfessionSelectViewController.m in Sources */ = {isa = PBXBuildFile; fileRef = 66D5F3752816318F00122904 /* AEProfessionSelectViewController.m */; };
		66D5F37A281696B900122904 /* AEProfessionSearchTCell.m in Sources */ = {isa = PBXBuildFile; fileRef = 66D5F379281696B900122904 /* AEProfessionSearchTCell.m */; };
		66FADA9A2807AA17008DDABF /* AESpaceLabel.m in Sources */ = {isa = PBXBuildFile; fileRef = 66FADA992807AA17008DDABF /* AESpaceLabel.m */; };
		71719F9F1E33DC2100824A3D /* LaunchScreen.storyboard in Resources */ = {isa = PBXBuildFile; fileRef = 71719F9D1E33DC2100824A3D /* LaunchScreen.storyboard */; };
		7A44DE4C228A471F0078B6A0 /* NSString+AELabelWidthAndHeight.m in Sources */ = {isa = PBXBuildFile; fileRef = 7A44DE4B228A471F0078B6A0 /* NSString+AELabelWidthAndHeight.m */; };
		7A44DE4F228A481A0078B6A0 /* UIFont+AEFonts.m in Sources */ = {isa = PBXBuildFile; fileRef = 7A44DE4E228A481A0078B6A0 /* UIFont+AEFonts.m */; };
		7A44DE52228A4A9D0078B6A0 /* UIView+AEGlowView.m in Sources */ = {isa = PBXBuildFile; fileRef = 7A44DE51228A4A9D0078B6A0 /* UIView+AEGlowView.m */; };
		7A52EB8D2278274F009BC207 /* AEBaseModel.m in Sources */ = {isa = PBXBuildFile; fileRef = 7A52EB8C2278274F009BC207 /* AEBaseModel.m */; };
		7A52EB90227827A1009BC207 /* AEBaseView.m in Sources */ = {isa = PBXBuildFile; fileRef = 7A52EB8F227827A1009BC207 /* AEBaseView.m */; };
		7A6E01F323C702DC00D34AB6 /* AETabBar.m in Sources */ = {isa = PBXBuildFile; fileRef = 7A6E01F223C702DC00D34AB6 /* AETabBar.m */; };
		7A6E01F623C7100200D34AB6 /* AEMainTabBarController.m in Sources */ = {isa = PBXBuildFile; fileRef = 7A6E01F523C7100200D34AB6 /* AEMainTabBarController.m */; };
		7A6E01F923C7124900D34AB6 /* AETabBarItem.m in Sources */ = {isa = PBXBuildFile; fileRef = 7A6E01F823C7124900D34AB6 /* AETabBarItem.m */; };
		7A6F9B5F24061873006A923D /* AEHTMLParsingController.m in Sources */ = {isa = PBXBuildFile; fileRef = 7A6F9B5E24061873006A923D /* AEHTMLParsingController.m */; };
		7A6F9B62240618BC006A923D /* AEHTMLParsingTool.m in Sources */ = {isa = PBXBuildFile; fileRef = 7A6F9B61240618BC006A923D /* AEHTMLParsingTool.m */; };
		7A6F9B642406192E006A923D /* libxml2.tbd in Frameworks */ = {isa = PBXBuildFile; fileRef = 7A6F9B632406192D006A923D /* libxml2.tbd */; };
		7A6F9B6C24061A64006A923D /* TFHpple.m in Sources */ = {isa = PBXBuildFile; fileRef = 7A6F9B6824061A63006A923D /* TFHpple.m */; };
		7A6F9B6D24061A64006A923D /* TFHppleElement.m in Sources */ = {isa = PBXBuildFile; fileRef = 7A6F9B6924061A63006A923D /* TFHppleElement.m */; };
		7A6F9B6E24061A64006A923D /* XPathQuery.m in Sources */ = {isa = PBXBuildFile; fileRef = 7A6F9B6B24061A64006A923D /* XPathQuery.m */; };
		7A6F9B7024061B1C006A923D /* index.html in Resources */ = {isa = PBXBuildFile; fileRef = 7A6F9B6F24061B1C006A923D /* index.html */; };
		7A76520A23F3CBD300A303DE /* AEIntelligentSortingController.m in Sources */ = {isa = PBXBuildFile; fileRef = 7A76520923F3CBD300A303DE /* AEIntelligentSortingController.m */; };
		7A76520E23F3CCB400A303DE /* Goods.m in Sources */ = {isa = PBXBuildFile; fileRef = 7A76520D23F3CCB400A303DE /* Goods.m */; };
		7A77FC5323CDB2F9008E6F1A /* AETabBarButton.m in Sources */ = {isa = PBXBuildFile; fileRef = 7A77FC5223CDB2F9008E6F1A /* AETabBarButton.m */; };
		7A9CD78A22782E85004E6D2A /* AEBaseViewController.m in Sources */ = {isa = PBXBuildFile; fileRef = 7A9CD78922782E85004E6D2A /* AEBaseViewController.m */; };
		7A9CD78E22783033004E6D2A /* AECustomOptionView.m in Sources */ = {isa = PBXBuildFile; fileRef = 7A9CD78D22783032004E6D2A /* AECustomOptionView.m */; };
		7A9CD791227830BE004E6D2A /* AEAECustomOptionCell.m in Sources */ = {isa = PBXBuildFile; fileRef = 7A9CD790227830BE004E6D2A /* AEAECustomOptionCell.m */; };
		7A9CD794227833D7004E6D2A /* AECustomOptionModel.m in Sources */ = {isa = PBXBuildFile; fileRef = 7A9CD793227833D7004E6D2A /* AECustomOptionModel.m */; };
		7A9CD79722783544004E6D2A /* AECustomOptioinViewController.m in Sources */ = {isa = PBXBuildFile; fileRef = 7A9CD79622783544004E6D2A /* AECustomOptioinViewController.m */; };
		7A9CD79B22783AC9004E6D2A /* AEConvenientTool.m in Sources */ = {isa = PBXBuildFile; fileRef = 7A9CD79A22783AC9004E6D2A /* AEConvenientTool.m */; };
		7A9CD79E22784703004E6D2A /* AECustomViewFlowLayout.m in Sources */ = {isa = PBXBuildFile; fileRef = 7A9CD79D22784703004E6D2A /* AECustomViewFlowLayout.m */; };
		7AA0E92A23C4124B0092DE5B /* AEDynamicCardController.m in Sources */ = {isa = PBXBuildFile; fileRef = 7AA0E92923C4124B0092DE5B /* AEDynamicCardController.m */; };
		7AA0E92D23C4125C0092DE5B /* AECardView.m in Sources */ = {isa = PBXBuildFile; fileRef = 7AA0E92C23C4125C0092DE5B /* AECardView.m */; };
		7AA0E93023C412DD0092DE5B /* AECardTransformLayout.m in Sources */ = {isa = PBXBuildFile; fileRef = 7AA0E92F23C412DD0092DE5B /* AECardTransformLayout.m */; };
		7AA0E93323C413040092DE5B /* AECardViewCCell.m in Sources */ = {isa = PBXBuildFile; fileRef = 7AA0E93223C413040092DE5B /* AECardViewCCell.m */; };
		7AA0E93623C456BD0092DE5B /* AEHomeViewController.m in Sources */ = {isa = PBXBuildFile; fileRef = 7AA0E93523C456BD0092DE5B /* AEHomeViewController.m */; };
		7AA0E93D23C462A90092DE5B /* AECardModel.m in Sources */ = {isa = PBXBuildFile; fileRef = 7AA0E93C23C462A90092DE5B /* AECardModel.m */; };
		7AEF4511240912AD0065B265 /* AEPopoverController.m in Sources */ = {isa = PBXBuildFile; fileRef = 7AEF4510240912AD0065B265 /* AEPopoverController.m */; };
		7AEF45142409131E0065B265 /* AEPopoverShowController.m in Sources */ = {isa = PBXBuildFile; fileRef = 7AEF45132409131E0065B265 /* AEPopoverShowController.m */; };
		7AEF4517240914540065B265 /* AEPopSheetController.m in Sources */ = {isa = PBXBuildFile; fileRef = 7AEF4516240914540065B265 /* AEPopSheetController.m */; };
		7AF4CD2D228577000007FD12 /* AEDynamicLabel.m in Sources */ = {isa = PBXBuildFile; fileRef = 7AF4CD2C228577000007FD12 /* AEDynamicLabel.m */; };
		873B8AEB1B1F5CCA007FD442 /* Main.storyboard in Resources */ = {isa = PBXBuildFile; fileRef = 873B8AEA1B1F5CCA007FD442 /* Main.storyboard */; };
/* End PBXBuildFile section */

/* Begin PBXContainerItemProxy section */
		6003F5B3195388D20070C39A /* PBXContainerItemProxy */ = {
			isa = PBXContainerItemProxy;
			containerPortal = 6003F582195388D10070C39A /* Project object */;
			proxyType = 1;
			remoteGlobalIDString = 6003F589195388D20070C39A;
			remoteInfo = AEObjCWorking;
		};
/* End PBXContainerItemProxy section */

/* Begin PBXFileReference section */
		0C2C0AA7262A7F8D0038859D /* AEMCObject.h */ = {isa = PBXFileReference; lastKnownFileType = sourcecode.c.h; path = AEMCObject.h; sourceTree = "<group>"; };
		0C2C0AA8262A7F8D0038859D /* AEMCObject.m */ = {isa = PBXFileReference; lastKnownFileType = sourcecode.c.objc; path = AEMCObject.m; sourceTree = "<group>"; };
		0C2C0AB3262B17290038859D /* AEGroupObject.h */ = {isa = PBXFileReference; lastKnownFileType = sourcecode.c.h; path = AEGroupObject.h; sourceTree = "<group>"; };
		0C2C0AB4262B17290038859D /* AEGroupObject.m */ = {isa = PBXFileReference; lastKnownFileType = sourcecode.c.objc; path = AEGroupObject.m; sourceTree = "<group>"; };
		0C2C0ABA262B173A0038859D /* AEUserCenter.h */ = {isa = PBXFileReference; lastKnownFileType = sourcecode.c.h; path = AEUserCenter.h; sourceTree = "<group>"; };
		0C2C0ABB262B173A0038859D /* AEUserCenter.m */ = {isa = PBXFileReference; lastKnownFileType = sourcecode.c.objc; path = AEUserCenter.m; sourceTree = "<group>"; };
		0C2C0ABF262B1A7F0038859D /* AEGCDViewController.h */ = {isa = PBXFileReference; lastKnownFileType = sourcecode.c.h; path = AEGCDViewController.h; sourceTree = "<group>"; };
		0C2C0AC0262B1A7F0038859D /* AEGCDViewController.m */ = {isa = PBXFileReference; lastKnownFileType = sourcecode.c.objc; path = AEGCDViewController.m; sourceTree = "<group>"; };
		0CD128552635A75B0066F449 /* AEUnconventionalViewController.h */ = {isa = PBXFileReference; lastKnownFileType = sourcecode.c.h; path = AEUnconventionalViewController.h; sourceTree = "<group>"; };
		0CD128562635A75B0066F449 /* AEUnconventionalViewController.m */ = {isa = PBXFileReference; lastKnownFileType = sourcecode.c.objc; path = AEUnconventionalViewController.m; sourceTree = "<group>"; };
		0CD1285C2635A7860066F449 /* AEScrollViewController.h */ = {isa = PBXFileReference; lastKnownFileType = sourcecode.c.h; path = AEScrollViewController.h; sourceTree = "<group>"; };
		0CD1285D2635A7860066F449 /* AEScrollViewController.m */ = {isa = PBXFileReference; lastKnownFileType = sourcecode.c.objc; path = AEScrollViewController.m; sourceTree = "<group>"; };
		3B8F5098F45FE6165059236E /* Pods-AEObjCWorking_Example.release.xcconfig */ = {isa = PBXFileReference; includeInIndex = 1; lastKnownFileType = text.xcconfig; name = "Pods-AEObjCWorking_Example.release.xcconfig"; path = "Target Support Files/Pods-AEObjCWorking_Example/Pods-AEObjCWorking_Example.release.xcconfig"; sourceTree = "<group>"; };
		5E941048C9C5F30874F6C1D2 /* AEObjCWorking.podspec */ = {isa = PBXFileReference; includeInIndex = 1; lastKnownFileType = text; name = AEObjCWorking.podspec; path = ../AEObjCWorking.podspec; sourceTree = "<group>"; };
		6003F58A195388D20070C39A /* AEObjCWorking_Example.app */ = {isa = PBXFileReference; explicitFileType = wrapper.application; includeInIndex = 0; path = AEObjCWorking_Example.app; sourceTree = BUILT_PRODUCTS_DIR; };
		6003F58D195388D20070C39A /* Foundation.framework */ = {isa = PBXFileReference; lastKnownFileType = wrapper.framework; name = Foundation.framework; path = System/Library/Frameworks/Foundation.framework; sourceTree = SDKROOT; };
		6003F58F195388D20070C39A /* CoreGraphics.framework */ = {isa = PBXFileReference; lastKnownFileType = wrapper.framework; name = CoreGraphics.framework; path = System/Library/Frameworks/CoreGraphics.framework; sourceTree = SDKROOT; };
		6003F591195388D20070C39A /* UIKit.framework */ = {isa = PBXFileReference; lastKnownFileType = wrapper.framework; name = UIKit.framework; path = System/Library/Frameworks/UIKit.framework; sourceTree = SDKROOT; };
		6003F595195388D20070C39A /* AEObjCWorking-Info.plist */ = {isa = PBXFileReference; lastKnownFileType = text.plist.xml; path = "AEObjCWorking-Info.plist"; sourceTree = "<group>"; };
		6003F597195388D20070C39A /* en */ = {isa = PBXFileReference; lastKnownFileType = text.plist.strings; name = en; path = en.lproj/InfoPlist.strings; sourceTree = "<group>"; };
		6003F599195388D20070C39A /* main.m */ = {isa = PBXFileReference; lastKnownFileType = sourcecode.c.objc; path = main.m; sourceTree = "<group>"; };
		6003F59B195388D20070C39A /* AEObjCWorking-Prefix.pch */ = {isa = PBXFileReference; lastKnownFileType = sourcecode.c.h; path = "AEObjCWorking-Prefix.pch"; sourceTree = "<group>"; };
		6003F59C195388D20070C39A /* AEAppDelegate.h */ = {isa = PBXFileReference; lastKnownFileType = sourcecode.c.h; path = AEAppDelegate.h; sourceTree = "<group>"; };
		6003F59D195388D20070C39A /* AEAppDelegate.m */ = {isa = PBXFileReference; lastKnownFileType = sourcecode.c.objc; path = AEAppDelegate.m; sourceTree = "<group>"; };
		6003F5A5195388D20070C39A /* AECustomOptioinController.h */ = {isa = PBXFileReference; lastKnownFileType = sourcecode.c.h; path = AECustomOptioinController.h; sourceTree = "<group>"; };
		6003F5A6195388D20070C39A /* AECustomOptioinController.m */ = {isa = PBXFileReference; lastKnownFileType = sourcecode.c.objc; path = AECustomOptioinController.m; sourceTree = "<group>"; };
		6003F5A8195388D20070C39A /* Images.xcassets */ = {isa = PBXFileReference; lastKnownFileType = folder.assetcatalog; path = Images.xcassets; sourceTree = "<group>"; };
		6003F5AE195388D20070C39A /* AEObjCWorking_Tests.xctest */ = {isa = PBXFileReference; explicitFileType = wrapper.cfbundle; includeInIndex = 0; path = AEObjCWorking_Tests.xctest; sourceTree = BUILT_PRODUCTS_DIR; };
		6003F5AF195388D20070C39A /* XCTest.framework */ = {isa = PBXFileReference; lastKnownFileType = wrapper.framework; name = XCTest.framework; path = Library/Frameworks/XCTest.framework; sourceTree = DEVELOPER_DIR; };
		6003F5B7195388D20070C39A /* Tests-Info.plist */ = {isa = PBXFileReference; lastKnownFileType = text.plist.xml; path = "Tests-Info.plist"; sourceTree = "<group>"; };
		6003F5B9195388D20070C39A /* en */ = {isa = PBXFileReference; lastKnownFileType = text.plist.strings; name = en; path = en.lproj/InfoPlist.strings; sourceTree = "<group>"; };
		6003F5BB195388D20070C39A /* Tests.m */ = {isa = PBXFileReference; lastKnownFileType = sourcecode.c.objc; path = Tests.m; sourceTree = "<group>"; };
		606FC2411953D9B200FFA9A0 /* Tests-Prefix.pch */ = {isa = PBXFileReference; lastKnownFileType = sourcecode.c.h; path = "Tests-Prefix.pch"; sourceTree = "<group>"; };
		6407D1651B08F82B58F210B4 /* Pods_AEObjCWorking_Tests.framework */ = {isa = PBXFileReference; explicitFileType = wrapper.framework; includeInIndex = 0; path = Pods_AEObjCWorking_Tests.framework; sourceTree = BUILT_PRODUCTS_DIR; };
		6604B73926E9A82600D9BA56 /* AEAddressViewController.h */ = {isa = PBXFileReference; lastKnownFileType = sourcecode.c.h; path = AEAddressViewController.h; sourceTree = "<group>"; };
		6604B73A26E9A82600D9BA56 /* AEAddressViewController.m */ = {isa = PBXFileReference; lastKnownFileType = sourcecode.c.objc; path = AEAddressViewController.m; sourceTree = "<group>"; };
		6604B74026E9DC8C00D9BA56 /* AEAddressSelectViewController.h */ = {isa = PBXFileReference; lastKnownFileType = sourcecode.c.h; path = AEAddressSelectViewController.h; sourceTree = "<group>"; };
		6604B74126E9DC8C00D9BA56 /* AEAddressSelectViewController.m */ = {isa = PBXFileReference; lastKnownFileType = sourcecode.c.objc; path = AEAddressSelectViewController.m; sourceTree = "<group>"; };
		6604B74326E9DCD500D9BA56 /* AEAddressTCell.h */ = {isa = PBXFileReference; lastKnownFileType = sourcecode.c.h; path = AEAddressTCell.h; sourceTree = "<group>"; };
		6604B74426E9DCD500D9BA56 /* AEAddressTCell.m */ = {isa = PBXFileReference; lastKnownFileType = sourcecode.c.objc; path = AEAddressTCell.m; sourceTree = "<group>"; };
		6604B74626E9DDF600D9BA56 /* AEAddressSelectView.h */ = {isa = PBXFileReference; lastKnownFileType = sourcecode.c.h; path = AEAddressSelectView.h; sourceTree = "<group>"; };
		6604B74726E9DDF600D9BA56 /* AEAddressSelectView.m */ = {isa = PBXFileReference; lastKnownFileType = sourcecode.c.objc; path = AEAddressSelectView.m; sourceTree = "<group>"; };
		6604B74B26E9DEF100D9BA56 /* AEAddressModel.h */ = {isa = PBXFileReference; lastKnownFileType = sourcecode.c.h; path = AEAddressModel.h; sourceTree = "<group>"; };
		6604B74C26E9DEF100D9BA56 /* AEAddressModel.m */ = {isa = PBXFileReference; lastKnownFileType = sourcecode.c.objc; path = AEAddressModel.m; sourceTree = "<group>"; };
		661EF3512627C588009E7037 /* AEBaseModel+AECategory.h */ = {isa = PBXFileReference; lastKnownFileType = sourcecode.c.h; path = "AEBaseModel+AECategory.h"; sourceTree = "<group>"; };
		661EF3522627C588009E7037 /* AEBaseModel+AECategory.m */ = {isa = PBXFileReference; lastKnownFileType = sourcecode.c.objc; path = "AEBaseModel+AECategory.m"; sourceTree = "<group>"; };
		661EF3562627C598009E7037 /* AEBaseModel+AECategoryTest.h */ = {isa = PBXFileReference; lastKnownFileType = sourcecode.c.h; path = "AEBaseModel+AECategoryTest.h"; sourceTree = "<group>"; };
		661EF3572627C598009E7037 /* AEBaseModel+AECategoryTest.m */ = {isa = PBXFileReference; lastKnownFileType = sourcecode.c.objc; path = "AEBaseModel+AECategoryTest.m"; sourceTree = "<group>"; };
		661EF35E2627DE43009E7037 /* AENormalArithmetic.h */ = {isa = PBXFileReference; lastKnownFileType = sourcecode.c.h; path = AENormalArithmetic.h; sourceTree = "<group>"; };
		661EF35F2627DE43009E7037 /* AENormalArithmetic.m */ = {isa = PBXFileReference; lastKnownFileType = sourcecode.c.objc; path = AENormalArithmetic.m; sourceTree = "<group>"; };
		661EF3652627E1FD009E7037 /* AEArithmeticViewController.h */ = {isa = PBXFileReference; lastKnownFileType = sourcecode.c.h; path = AEArithmeticViewController.h; sourceTree = "<group>"; };
		661EF3662627E1FD009E7037 /* AEArithmeticViewController.m */ = {isa = PBXFileReference; lastKnownFileType = sourcecode.c.objc; path = AEArithmeticViewController.m; sourceTree = "<group>"; };
		661EF3712627F665009E7037 /* AEReverseList.h */ = {isa = PBXFileReference; lastKnownFileType = sourcecode.c.h; path = AEReverseList.h; sourceTree = "<group>"; };
		661EF3722627F665009E7037 /* AEReverseList.m */ = {isa = PBXFileReference; lastKnownFileType = sourcecode.c.objc; path = AEReverseList.m; sourceTree = "<group>"; };
		661EF37826280D7A009E7037 /* AECommonSuperFind.h */ = {isa = PBXFileReference; lastKnownFileType = sourcecode.c.h; path = AECommonSuperFind.h; sourceTree = "<group>"; };
		661EF37926280D7A009E7037 /* AECommonSuperFind.m */ = {isa = PBXFileReference; lastKnownFileType = sourcecode.c.objc; path = AECommonSuperFind.m; sourceTree = "<group>"; };
		66273FE92814F1760028840B /* profession.json */ = {isa = PBXFileReference; lastKnownFileType = text.json; path = profession.json; sourceTree = "<group>"; };
		66273FEB2815642C0028840B /* AEProfessionModel.h */ = {isa = PBXFileReference; lastKnownFileType = sourcecode.c.h; path = AEProfessionModel.h; sourceTree = "<group>"; };
		66273FEC2815642C0028840B /* AEProfessionModel.m */ = {isa = PBXFileReference; lastKnownFileType = sourcecode.c.objc; path = AEProfessionModel.m; sourceTree = "<group>"; };
		663DB3F826E9F6690046C277 /* UIColor+AECategory.h */ = {isa = PBXFileReference; lastKnownFileType = sourcecode.c.h; path = "UIColor+AECategory.h"; sourceTree = "<group>"; };
		663DB3F926E9F6690046C277 /* UIColor+AECategory.m */ = {isa = PBXFileReference; lastKnownFileType = sourcecode.c.objc; path = "UIColor+AECategory.m"; sourceTree = "<group>"; };
		663F593C26B8DDF000B92C3A /* AEDataPropertyList.plist */ = {isa = PBXFileReference; lastKnownFileType = text.plist.xml; path = AEDataPropertyList.plist; sourceTree = "<group>"; };
		663F593E26B8DF3100B92C3A /* AEDataHelper.h */ = {isa = PBXFileReference; lastKnownFileType = sourcecode.c.h; path = AEDataHelper.h; sourceTree = "<group>"; };
		663F593F26B8DF3100B92C3A /* AEDataHelper.m */ = {isa = PBXFileReference; lastKnownFileType = sourcecode.c.objc; path = AEDataHelper.m; sourceTree = "<group>"; };
		663F594126B8E5F200B92C3A /* AEPlistViewController.h */ = {isa = PBXFileReference; lastKnownFileType = sourcecode.c.h; path = AEPlistViewController.h; sourceTree = "<group>"; };
		663F594226B8E5F200B92C3A /* AEPlistViewController.m */ = {isa = PBXFileReference; lastKnownFileType = sourcecode.c.objc; path = AEPlistViewController.m; sourceTree = "<group>"; };
		664AA8BA2723042500D31930 /* AELifeViewController.h */ = {isa = PBXFileReference; lastKnownFileType = sourcecode.c.h; path = AELifeViewController.h; sourceTree = "<group>"; };
		664AA8BB2723042500D31930 /* AELifeViewController.m */ = {isa = PBXFileReference; lastKnownFileType = sourcecode.c.objc; path = AELifeViewController.m; sourceTree = "<group>"; };
		6667E25C27E1E64000D9BA78 /* UIButton+AEImagePlace.h */ = {isa = PBXFileReference; lastKnownFileType = sourcecode.c.h; path = "UIButton+AEImagePlace.h"; sourceTree = "<group>"; };
		6667E25D27E1E64000D9BA78 /* UIButton+AEImagePlace.m */ = {isa = PBXFileReference; lastKnownFileType = sourcecode.c.objc; path = "UIButton+AEImagePlace.m"; sourceTree = "<group>"; };
		666CEFFA26115D5E00BCDF1E /* AEOCKnowledgeViewController.h */ = {isa = PBXFileReference; lastKnownFileType = sourcecode.c.h; path = AEOCKnowledgeViewController.h; sourceTree = "<group>"; };
		666CEFFB26115D5E00BCDF1E /* AEOCKnowledgeViewController.m */ = {isa = PBXFileReference; lastKnownFileType = sourcecode.c.objc; path = AEOCKnowledgeViewController.m; sourceTree = "<group>"; };
		666CF0052611669D00BCDF1E /* AEReusePoolViewController.h */ = {isa = PBXFileReference; lastKnownFileType = sourcecode.c.h; path = AEReusePoolViewController.h; sourceTree = "<group>"; };
		666CF0062611669D00BCDF1E /* AEReusePoolViewController.m */ = {isa = PBXFileReference; lastKnownFileType = sourcecode.c.objc; path = AEReusePoolViewController.m; sourceTree = "<group>"; };
		666CF00C261166DB00BCDF1E /* AEReusePool.h */ = {isa = PBXFileReference; lastKnownFileType = sourcecode.c.h; path = AEReusePool.h; sourceTree = "<group>"; };
		666CF00D261166DB00BCDF1E /* AEReusePool.m */ = {isa = PBXFileReference; lastKnownFileType = sourcecode.c.objc; path = AEReusePool.m; sourceTree = "<group>"; };
		666CF011261169B500BCDF1E /* AEIndexedTableView.h */ = {isa = PBXFileReference; lastKnownFileType = sourcecode.c.h; path = AEIndexedTableView.h; sourceTree = "<group>"; };
		666CF012261169B500BCDF1E /* AEIndexedTableView.m */ = {isa = PBXFileReference; lastKnownFileType = sourcecode.c.objc; path = AEIndexedTableView.m; sourceTree = "<group>"; };
		666CF01926117B0E00BCDF1E /* AEEventViewController.h */ = {isa = PBXFileReference; lastKnownFileType = sourcecode.c.h; path = AEEventViewController.h; sourceTree = "<group>"; };
		666CF01A26117B0E00BCDF1E /* AEEventViewController.m */ = {isa = PBXFileReference; lastKnownFileType = sourcecode.c.objc; path = AEEventViewController.m; sourceTree = "<group>"; };
		666CF02026117B2B00BCDF1E /* AECustomButton.h */ = {isa = PBXFileReference; lastKnownFileType = sourcecode.c.h; path = AECustomButton.h; sourceTree = "<group>"; };
		666CF02126117B2B00BCDF1E /* AECustomButton.m */ = {isa = PBXFileReference; lastKnownFileType = sourcecode.c.objc; path = AECustomButton.m; sourceTree = "<group>"; };
		666CF0292611806700BCDF1E /* AEKVOViewController.h */ = {isa = PBXFileReference; lastKnownFileType = sourcecode.c.h; path = AEKVOViewController.h; sourceTree = "<group>"; };
		666CF02A2611806700BCDF1E /* AEKVOViewController.m */ = {isa = PBXFileReference; lastKnownFileType = sourcecode.c.objc; path = AEKVOViewController.m; sourceTree = "<group>"; };
		666CF02E2611808900BCDF1E /* AEMObject.h */ = {isa = PBXFileReference; lastKnownFileType = sourcecode.c.h; path = AEMObject.h; sourceTree = "<group>"; };
		666CF02F2611808900BCDF1E /* AEMObject.m */ = {isa = PBXFileReference; lastKnownFileType = sourcecode.c.objc; path = AEMObject.m; sourceTree = "<group>"; };
		666CF033261180BB00BCDF1E /* AEMObserver.h */ = {isa = PBXFileReference; lastKnownFileType = sourcecode.c.h; path = AEMObserver.h; sourceTree = "<group>"; };
		666CF034261180BB00BCDF1E /* AEMObserver.m */ = {isa = PBXFileReference; lastKnownFileType = sourcecode.c.objc; path = AEMObserver.m; sourceTree = "<group>"; };
		666CF03F2611A02100BCDF1E /* AERuntimeObject.h */ = {isa = PBXFileReference; lastKnownFileType = sourcecode.c.h; path = AERuntimeObject.h; sourceTree = "<group>"; };
		666CF0402611A02100BCDF1E /* AERuntimeObject.m */ = {isa = PBXFileReference; lastKnownFileType = sourcecode.c.objc; path = AERuntimeObject.m; sourceTree = "<group>"; };
		666CF0462611A03400BCDF1E /* AERuntimeViewController.h */ = {isa = PBXFileReference; lastKnownFileType = sourcecode.c.h; path = AERuntimeViewController.h; sourceTree = "<group>"; };
		666CF0472611A03400BCDF1E /* AERuntimeViewController.m */ = {isa = PBXFileReference; lastKnownFileType = sourcecode.c.objc; path = AERuntimeViewController.m; sourceTree = "<group>"; };
		666CF04F2611AB7800BCDF1E /* AEAccount.h */ = {isa = PBXFileReference; lastKnownFileType = sourcecode.c.h; path = AEAccount.h; sourceTree = "<group>"; };
		666CF0502611AB7800BCDF1E /* AEAccount.m */ = {isa = PBXFileReference; lastKnownFileType = sourcecode.c.objc; path = AEAccount.m; sourceTree = "<group>"; };
		666CF0572611ADC100BCDF1E /* AEMemoryViewController.h */ = {isa = PBXFileReference; lastKnownFileType = sourcecode.c.h; path = AEMemoryViewController.h; sourceTree = "<group>"; };
		666CF0582611ADC100BCDF1E /* AEMemoryViewController.m */ = {isa = PBXFileReference; lastKnownFileType = sourcecode.c.objc; path = AEMemoryViewController.m; sourceTree = "<group>"; };
		666CF05C2611ADF100BCDF1E /* NSTimer+AEWeakTimer.h */ = {isa = PBXFileReference; lastKnownFileType = sourcecode.c.h; path = "NSTimer+AEWeakTimer.h"; sourceTree = "<group>"; };
		666CF05D2611ADF100BCDF1E /* NSTimer+AEWeakTimer.m */ = {isa = PBXFileReference; lastKnownFileType = sourcecode.c.objc; path = "NSTimer+AEWeakTimer.m"; sourceTree = "<group>"; };
		666CF0642611B11C00BCDF1E /* AEBlockViewController.h */ = {isa = PBXFileReference; lastKnownFileType = sourcecode.c.h; path = AEBlockViewController.h; sourceTree = "<group>"; };
		666CF0652611B11C00BCDF1E /* AEBlockViewController.m */ = {isa = PBXFileReference; lastKnownFileType = sourcecode.c.objc; path = AEBlockViewController.m; sourceTree = "<group>"; };
		666CF06B2611B34A00BCDF1E /* AEMCBlock.h */ = {isa = PBXFileReference; lastKnownFileType = sourcecode.c.h; path = AEMCBlock.h; sourceTree = "<group>"; };
		666CF06C2611B34A00BCDF1E /* AEMCBlock.m */ = {isa = PBXFileReference; lastKnownFileType = sourcecode.c.objc; path = AEMCBlock.m; sourceTree = "<group>"; };
		666D7CE126EDE34F00CC131B /* Address.txt */ = {isa = PBXFileReference; fileEncoding = 4; lastKnownFileType = text; path = Address.txt; sourceTree = "<group>"; };
		666D7CE326EE014900CC131B /* Address1.txt */ = {isa = PBXFileReference; fileEncoding = 4; lastKnownFileType = text; path = Address1.txt; sourceTree = "<group>"; };
		666DC53627C7784500FBDF41 /* AECategoryViewController.h */ = {isa = PBXFileReference; lastKnownFileType = sourcecode.c.h; path = AECategoryViewController.h; sourceTree = "<group>"; };
		666DC53727C7784500FBDF41 /* AECategoryViewController.m */ = {isa = PBXFileReference; lastKnownFileType = sourcecode.c.objc; path = AECategoryViewController.m; sourceTree = "<group>"; };
		666DC53927C7788B00FBDF41 /* AEStudyModel.h */ = {isa = PBXFileReference; lastKnownFileType = sourcecode.c.h; path = AEStudyModel.h; sourceTree = "<group>"; };
		666DC53A27C7788B00FBDF41 /* AEStudyModel.m */ = {isa = PBXFileReference; lastKnownFileType = sourcecode.c.objc; path = AEStudyModel.m; sourceTree = "<group>"; };
		666DC53C27C7796D00FBDF41 /* AEStudyModel+StudyCategory.h */ = {isa = PBXFileReference; lastKnownFileType = sourcecode.c.h; path = "AEStudyModel+StudyCategory.h"; sourceTree = "<group>"; };
		666DC53D27C7796D00FBDF41 /* AEStudyModel+StudyCategory.m */ = {isa = PBXFileReference; lastKnownFileType = sourcecode.c.objc; path = "AEStudyModel+StudyCategory.m"; sourceTree = "<group>"; };
		666DC53F27C77BCB00FBDF41 /* AEStudyModel+AEDouble.h */ = {isa = PBXFileReference; lastKnownFileType = sourcecode.c.h; path = "AEStudyModel+AEDouble.h"; sourceTree = "<group>"; };
		666DC54027C77BCB00FBDF41 /* AEStudyModel+AEDouble.m */ = {isa = PBXFileReference; lastKnownFileType = sourcecode.c.objc; path = "AEStudyModel+AEDouble.m"; sourceTree = "<group>"; };
		668F57E727C4CDB00045AED4 /* AEFileOperationViewController.h */ = {isa = PBXFileReference; lastKnownFileType = sourcecode.c.h; path = AEFileOperationViewController.h; sourceTree = "<group>"; };
		668F57E827C4CDB00045AED4 /* AEFileOperationViewController.m */ = {isa = PBXFileReference; lastKnownFileType = sourcecode.c.objc; path = AEFileOperationViewController.m; sourceTree = "<group>"; };
		669ACDF927CDBB080013C239 /* AEGetFile.h */ = {isa = PBXFileReference; lastKnownFileType = sourcecode.c.h; path = AEGetFile.h; sourceTree = "<group>"; };
		669ACDFA27CDBB080013C239 /* AEGetFile.m */ = {isa = PBXFileReference; lastKnownFileType = sourcecode.c.objc; path = AEGetFile.m; sourceTree = "<group>"; };
		669E7EFE27D9892900086068 /* AECustomTitleViewController.h */ = {isa = PBXFileReference; lastKnownFileType = sourcecode.c.h; path = AECustomTitleViewController.h; sourceTree = "<group>"; };
		669E7EFF27D9892900086068 /* AECustomTitleViewController.m */ = {isa = PBXFileReference; lastKnownFileType = sourcecode.c.objc; path = AECustomTitleViewController.m; sourceTree = "<group>"; };
		669E7F0227D9906E00086068 /* AECustomTitleView.h */ = {isa = PBXFileReference; lastKnownFileType = sourcecode.c.h; path = AECustomTitleView.h; sourceTree = "<group>"; };
		669E7F0327D9906E00086068 /* AECustomTitleView.m */ = {isa = PBXFileReference; lastKnownFileType = sourcecode.c.objc; path = AECustomTitleView.m; sourceTree = "<group>"; };
		66D5F36E2816311600122904 /* AEProfessionTCell.h */ = {isa = PBXFileReference; lastKnownFileType = sourcecode.c.h; path = AEProfessionTCell.h; sourceTree = "<group>"; };
		66D5F36F2816311600122904 /* AEProfessionTCell.m */ = {isa = PBXFileReference; lastKnownFileType = sourcecode.c.objc; path = AEProfessionTCell.m; sourceTree = "<group>"; };
		66D5F3712816314500122904 /* AEProfessionSelectView.h */ = {isa = PBXFileReference; lastKnownFileType = sourcecode.c.h; path = AEProfessionSelectView.h; sourceTree = "<group>"; };
		66D5F3722816314500122904 /* AEProfessionSelectView.m */ = {isa = PBXFileReference; lastKnownFileType = sourcecode.c.objc; path = AEProfessionSelectView.m; sourceTree = "<group>"; };
		66D5F3742816318F00122904 /* AEProfessionSelectViewController.h */ = {isa = PBXFileReference; lastKnownFileType = sourcecode.c.h; path = AEProfessionSelectViewController.h; sourceTree = "<group>"; };
		66D5F3752816318F00122904 /* AEProfessionSelectViewController.m */ = {isa = PBXFileReference; lastKnownFileType = sourcecode.c.objc; path = AEProfessionSelectViewController.m; sourceTree = "<group>"; };
		66D5F37728166FE400122904 /* AEConfig.h */ = {isa = PBXFileReference; lastKnownFileType = sourcecode.c.h; path = AEConfig.h; sourceTree = "<group>"; };
		66D5F378281696B900122904 /* AEProfessionSearchTCell.h */ = {isa = PBXFileReference; lastKnownFileType = sourcecode.c.h; path = AEProfessionSearchTCell.h; sourceTree = "<group>"; };
		66D5F379281696B900122904 /* AEProfessionSearchTCell.m */ = {isa = PBXFileReference; lastKnownFileType = sourcecode.c.objc; path = AEProfessionSearchTCell.m; sourceTree = "<group>"; };
		66FADA982807AA17008DDABF /* AESpaceLabel.h */ = {isa = PBXFileReference; lastKnownFileType = sourcecode.c.h; path = AESpaceLabel.h; sourceTree = "<group>"; };
		66FADA992807AA17008DDABF /* AESpaceLabel.m */ = {isa = PBXFileReference; lastKnownFileType = sourcecode.c.objc; path = AESpaceLabel.m; sourceTree = "<group>"; };
		71719F9E1E33DC2100824A3D /* Base */ = {isa = PBXFileReference; lastKnownFileType = file.storyboard; name = Base; path = Base.lproj/LaunchScreen.storyboard; sourceTree = "<group>"; };
		799148480B939A5DDB5260BD /* Pods-AEObjCWorking_Example.debug.xcconfig */ = {isa = PBXFileReference; includeInIndex = 1; lastKnownFileType = text.xcconfig; name = "Pods-AEObjCWorking_Example.debug.xcconfig"; path = "Target Support Files/Pods-AEObjCWorking_Example/Pods-AEObjCWorking_Example.debug.xcconfig"; sourceTree = "<group>"; };
		7A44DE4A228A471F0078B6A0 /* NSString+AELabelWidthAndHeight.h */ = {isa = PBXFileReference; lastKnownFileType = sourcecode.c.h; path = "NSString+AELabelWidthAndHeight.h"; sourceTree = "<group>"; };
		7A44DE4B228A471F0078B6A0 /* NSString+AELabelWidthAndHeight.m */ = {isa = PBXFileReference; lastKnownFileType = sourcecode.c.objc; path = "NSString+AELabelWidthAndHeight.m"; sourceTree = "<group>"; };
		7A44DE4D228A481A0078B6A0 /* UIFont+AEFonts.h */ = {isa = PBXFileReference; lastKnownFileType = sourcecode.c.h; path = "UIFont+AEFonts.h"; sourceTree = "<group>"; };
		7A44DE4E228A481A0078B6A0 /* UIFont+AEFonts.m */ = {isa = PBXFileReference; lastKnownFileType = sourcecode.c.objc; path = "UIFont+AEFonts.m"; sourceTree = "<group>"; };
		7A44DE50228A4A9D0078B6A0 /* UIView+AEGlowView.h */ = {isa = PBXFileReference; lastKnownFileType = sourcecode.c.h; path = "UIView+AEGlowView.h"; sourceTree = "<group>"; };
		7A44DE51228A4A9D0078B6A0 /* UIView+AEGlowView.m */ = {isa = PBXFileReference; lastKnownFileType = sourcecode.c.objc; path = "UIView+AEGlowView.m"; sourceTree = "<group>"; };
		7A52EB88227823FC009BC207 /* AEPrefixHeader.pch */ = {isa = PBXFileReference; lastKnownFileType = sourcecode.c.h; path = AEPrefixHeader.pch; sourceTree = "<group>"; };
		7A52EB8B2278274F009BC207 /* AEBaseModel.h */ = {isa = PBXFileReference; lastKnownFileType = sourcecode.c.h; path = AEBaseModel.h; sourceTree = "<group>"; };
		7A52EB8C2278274F009BC207 /* AEBaseModel.m */ = {isa = PBXFileReference; lastKnownFileType = sourcecode.c.objc; path = AEBaseModel.m; sourceTree = "<group>"; };
		7A52EB8E227827A1009BC207 /* AEBaseView.h */ = {isa = PBXFileReference; lastKnownFileType = sourcecode.c.h; path = AEBaseView.h; sourceTree = "<group>"; };
		7A52EB8F227827A1009BC207 /* AEBaseView.m */ = {isa = PBXFileReference; lastKnownFileType = sourcecode.c.objc; path = AEBaseView.m; sourceTree = "<group>"; };
		7A6E01F123C702DC00D34AB6 /* AETabBar.h */ = {isa = PBXFileReference; lastKnownFileType = sourcecode.c.h; path = AETabBar.h; sourceTree = "<group>"; };
		7A6E01F223C702DC00D34AB6 /* AETabBar.m */ = {isa = PBXFileReference; lastKnownFileType = sourcecode.c.objc; path = AETabBar.m; sourceTree = "<group>"; };
		7A6E01F423C7100200D34AB6 /* AEMainTabBarController.h */ = {isa = PBXFileReference; lastKnownFileType = sourcecode.c.h; path = AEMainTabBarController.h; sourceTree = "<group>"; };
		7A6E01F523C7100200D34AB6 /* AEMainTabBarController.m */ = {isa = PBXFileReference; lastKnownFileType = sourcecode.c.objc; path = AEMainTabBarController.m; sourceTree = "<group>"; };
		7A6E01F723C7124900D34AB6 /* AETabBarItem.h */ = {isa = PBXFileReference; lastKnownFileType = sourcecode.c.h; path = AETabBarItem.h; sourceTree = "<group>"; };
		7A6E01F823C7124900D34AB6 /* AETabBarItem.m */ = {isa = PBXFileReference; lastKnownFileType = sourcecode.c.objc; path = AETabBarItem.m; sourceTree = "<group>"; };
		7A6F9B5D24061873006A923D /* AEHTMLParsingController.h */ = {isa = PBXFileReference; lastKnownFileType = sourcecode.c.h; path = AEHTMLParsingController.h; sourceTree = "<group>"; };
		7A6F9B5E24061873006A923D /* AEHTMLParsingController.m */ = {isa = PBXFileReference; lastKnownFileType = sourcecode.c.objc; path = AEHTMLParsingController.m; sourceTree = "<group>"; };
		7A6F9B60240618BC006A923D /* AEHTMLParsingTool.h */ = {isa = PBXFileReference; lastKnownFileType = sourcecode.c.h; path = AEHTMLParsingTool.h; sourceTree = "<group>"; };
		7A6F9B61240618BC006A923D /* AEHTMLParsingTool.m */ = {isa = PBXFileReference; lastKnownFileType = sourcecode.c.objc; path = AEHTMLParsingTool.m; sourceTree = "<group>"; };
		7A6F9B632406192D006A923D /* libxml2.tbd */ = {isa = PBXFileReference; lastKnownFileType = "sourcecode.text-based-dylib-definition"; name = libxml2.tbd; path = usr/lib/libxml2.tbd; sourceTree = SDKROOT; };
		7A6F9B6624061A63006A923D /* TFHppleElement.h */ = {isa = PBXFileReference; fileEncoding = 4; lastKnownFileType = sourcecode.c.h; path = TFHppleElement.h; sourceTree = "<group>"; };
		7A6F9B6724061A63006A923D /* TFHpple.h */ = {isa = PBXFileReference; fileEncoding = 4; lastKnownFileType = sourcecode.c.h; path = TFHpple.h; sourceTree = "<group>"; };
		7A6F9B6824061A63006A923D /* TFHpple.m */ = {isa = PBXFileReference; fileEncoding = 4; lastKnownFileType = sourcecode.c.objc; path = TFHpple.m; sourceTree = "<group>"; };
		7A6F9B6924061A63006A923D /* TFHppleElement.m */ = {isa = PBXFileReference; fileEncoding = 4; lastKnownFileType = sourcecode.c.objc; path = TFHppleElement.m; sourceTree = "<group>"; };
		7A6F9B6A24061A64006A923D /* XPathQuery.h */ = {isa = PBXFileReference; fileEncoding = 4; lastKnownFileType = sourcecode.c.h; path = XPathQuery.h; sourceTree = "<group>"; };
		7A6F9B6B24061A64006A923D /* XPathQuery.m */ = {isa = PBXFileReference; fileEncoding = 4; lastKnownFileType = sourcecode.c.objc; path = XPathQuery.m; sourceTree = "<group>"; };
		7A6F9B6F24061B1C006A923D /* index.html */ = {isa = PBXFileReference; fileEncoding = 4; lastKnownFileType = text.html; path = index.html; sourceTree = "<group>"; };
		7A76520823F3CBD300A303DE /* AEIntelligentSortingController.h */ = {isa = PBXFileReference; lastKnownFileType = sourcecode.c.h; path = AEIntelligentSortingController.h; sourceTree = "<group>"; };
		7A76520923F3CBD300A303DE /* AEIntelligentSortingController.m */ = {isa = PBXFileReference; lastKnownFileType = sourcecode.c.objc; path = AEIntelligentSortingController.m; sourceTree = "<group>"; };
		7A76520C23F3CCB400A303DE /* Goods.h */ = {isa = PBXFileReference; fileEncoding = 4; lastKnownFileType = sourcecode.c.h; path = Goods.h; sourceTree = "<group>"; };
		7A76520D23F3CCB400A303DE /* Goods.m */ = {isa = PBXFileReference; fileEncoding = 4; lastKnownFileType = sourcecode.c.objc; path = Goods.m; sourceTree = "<group>"; };
		7A77FC5123CDB2F9008E6F1A /* AETabBarButton.h */ = {isa = PBXFileReference; lastKnownFileType = sourcecode.c.h; path = AETabBarButton.h; sourceTree = "<group>"; };
		7A77FC5223CDB2F9008E6F1A /* AETabBarButton.m */ = {isa = PBXFileReference; lastKnownFileType = sourcecode.c.objc; path = AETabBarButton.m; sourceTree = "<group>"; };
		7A9CD78822782E85004E6D2A /* AEBaseViewController.h */ = {isa = PBXFileReference; lastKnownFileType = sourcecode.c.h; path = AEBaseViewController.h; sourceTree = "<group>"; };
		7A9CD78922782E85004E6D2A /* AEBaseViewController.m */ = {isa = PBXFileReference; lastKnownFileType = sourcecode.c.objc; path = AEBaseViewController.m; sourceTree = "<group>"; };
		7A9CD78C22783032004E6D2A /* AECustomOptionView.h */ = {isa = PBXFileReference; lastKnownFileType = sourcecode.c.h; path = AECustomOptionView.h; sourceTree = "<group>"; };
		7A9CD78D22783032004E6D2A /* AECustomOptionView.m */ = {isa = PBXFileReference; lastKnownFileType = sourcecode.c.objc; path = AECustomOptionView.m; sourceTree = "<group>"; };
		7A9CD78F227830BE004E6D2A /* AEAECustomOptionCell.h */ = {isa = PBXFileReference; lastKnownFileType = sourcecode.c.h; path = AEAECustomOptionCell.h; sourceTree = "<group>"; };
		7A9CD790227830BE004E6D2A /* AEAECustomOptionCell.m */ = {isa = PBXFileReference; lastKnownFileType = sourcecode.c.objc; path = AEAECustomOptionCell.m; sourceTree = "<group>"; };
		7A9CD792227833D7004E6D2A /* AECustomOptionModel.h */ = {isa = PBXFileReference; lastKnownFileType = sourcecode.c.h; path = AECustomOptionModel.h; sourceTree = "<group>"; };
		7A9CD793227833D7004E6D2A /* AECustomOptionModel.m */ = {isa = PBXFileReference; lastKnownFileType = sourcecode.c.objc; path = AECustomOptionModel.m; sourceTree = "<group>"; };
		7A9CD79522783544004E6D2A /* AECustomOptioinViewController.h */ = {isa = PBXFileReference; lastKnownFileType = sourcecode.c.h; path = AECustomOptioinViewController.h; sourceTree = "<group>"; };
		7A9CD79622783544004E6D2A /* AECustomOptioinViewController.m */ = {isa = PBXFileReference; lastKnownFileType = sourcecode.c.objc; path = AECustomOptioinViewController.m; sourceTree = "<group>"; };
		7A9CD79922783AC9004E6D2A /* AEConvenientTool.h */ = {isa = PBXFileReference; lastKnownFileType = sourcecode.c.h; path = AEConvenientTool.h; sourceTree = "<group>"; };
		7A9CD79A22783AC9004E6D2A /* AEConvenientTool.m */ = {isa = PBXFileReference; lastKnownFileType = sourcecode.c.objc; path = AEConvenientTool.m; sourceTree = "<group>"; };
		7A9CD79C22784703004E6D2A /* AECustomViewFlowLayout.h */ = {isa = PBXFileReference; lastKnownFileType = sourcecode.c.h; path = AECustomViewFlowLayout.h; sourceTree = "<group>"; };
		7A9CD79D22784703004E6D2A /* AECustomViewFlowLayout.m */ = {isa = PBXFileReference; lastKnownFileType = sourcecode.c.objc; path = AECustomViewFlowLayout.m; sourceTree = "<group>"; };
		7AA0E92823C4124B0092DE5B /* AEDynamicCardController.h */ = {isa = PBXFileReference; lastKnownFileType = sourcecode.c.h; path = AEDynamicCardController.h; sourceTree = "<group>"; };
		7AA0E92923C4124B0092DE5B /* AEDynamicCardController.m */ = {isa = PBXFileReference; lastKnownFileType = sourcecode.c.objc; path = AEDynamicCardController.m; sourceTree = "<group>"; };
		7AA0E92B23C4125C0092DE5B /* AECardView.h */ = {isa = PBXFileReference; lastKnownFileType = sourcecode.c.h; path = AECardView.h; sourceTree = "<group>"; };
		7AA0E92C23C4125C0092DE5B /* AECardView.m */ = {isa = PBXFileReference; lastKnownFileType = sourcecode.c.objc; path = AECardView.m; sourceTree = "<group>"; };
		7AA0E92E23C412DD0092DE5B /* AECardTransformLayout.h */ = {isa = PBXFileReference; lastKnownFileType = sourcecode.c.h; path = AECardTransformLayout.h; sourceTree = "<group>"; };
		7AA0E92F23C412DD0092DE5B /* AECardTransformLayout.m */ = {isa = PBXFileReference; lastKnownFileType = sourcecode.c.objc; path = AECardTransformLayout.m; sourceTree = "<group>"; };
		7AA0E93123C413040092DE5B /* AECardViewCCell.h */ = {isa = PBXFileReference; lastKnownFileType = sourcecode.c.h; path = AECardViewCCell.h; sourceTree = "<group>"; };
		7AA0E93223C413040092DE5B /* AECardViewCCell.m */ = {isa = PBXFileReference; lastKnownFileType = sourcecode.c.objc; path = AECardViewCCell.m; sourceTree = "<group>"; };
		7AA0E93423C456BD0092DE5B /* AEHomeViewController.h */ = {isa = PBXFileReference; lastKnownFileType = sourcecode.c.h; path = AEHomeViewController.h; sourceTree = "<group>"; };
		7AA0E93523C456BD0092DE5B /* AEHomeViewController.m */ = {isa = PBXFileReference; lastKnownFileType = sourcecode.c.objc; path = AEHomeViewController.m; sourceTree = "<group>"; };
		7AA0E93B23C462A90092DE5B /* AECardModel.h */ = {isa = PBXFileReference; lastKnownFileType = sourcecode.c.h; path = AECardModel.h; sourceTree = "<group>"; };
		7AA0E93C23C462A90092DE5B /* AECardModel.m */ = {isa = PBXFileReference; lastKnownFileType = sourcecode.c.objc; path = AECardModel.m; sourceTree = "<group>"; };
		7AEF450F240912AD0065B265 /* AEPopoverController.h */ = {isa = PBXFileReference; lastKnownFileType = sourcecode.c.h; path = AEPopoverController.h; sourceTree = "<group>"; };
		7AEF4510240912AD0065B265 /* AEPopoverController.m */ = {isa = PBXFileReference; lastKnownFileType = sourcecode.c.objc; path = AEPopoverController.m; sourceTree = "<group>"; };
		7AEF45122409131E0065B265 /* AEPopoverShowController.h */ = {isa = PBXFileReference; lastKnownFileType = sourcecode.c.h; path = AEPopoverShowController.h; sourceTree = "<group>"; };
		7AEF45132409131E0065B265 /* AEPopoverShowController.m */ = {isa = PBXFileReference; lastKnownFileType = sourcecode.c.objc; path = AEPopoverShowController.m; sourceTree = "<group>"; };
		7AEF4515240914540065B265 /* AEPopSheetController.h */ = {isa = PBXFileReference; lastKnownFileType = sourcecode.c.h; path = AEPopSheetController.h; sourceTree = "<group>"; };
		7AEF4516240914540065B265 /* AEPopSheetController.m */ = {isa = PBXFileReference; lastKnownFileType = sourcecode.c.objc; path = AEPopSheetController.m; sourceTree = "<group>"; };
		7AF4CD2B228577000007FD12 /* AEDynamicLabel.h */ = {isa = PBXFileReference; lastKnownFileType = sourcecode.c.h; path = AEDynamicLabel.h; sourceTree = "<group>"; };
		7AF4CD2C228577000007FD12 /* AEDynamicLabel.m */ = {isa = PBXFileReference; lastKnownFileType = sourcecode.c.objc; path = AEDynamicLabel.m; sourceTree = "<group>"; };
		873B8AEA1B1F5CCA007FD442 /* Main.storyboard */ = {isa = PBXFileReference; fileEncoding = 4; lastKnownFileType = file.storyboard; path = Main.storyboard; sourceTree = "<group>"; };
		9B55D63D400D4580DC7E0A24 /* Pods-AEObjCWorking_Tests.debug.xcconfig */ = {isa = PBXFileReference; includeInIndex = 1; lastKnownFileType = text.xcconfig; name = "Pods-AEObjCWorking_Tests.debug.xcconfig"; path = "Target Support Files/Pods-AEObjCWorking_Tests/Pods-AEObjCWorking_Tests.debug.xcconfig"; sourceTree = "<group>"; };
		B3248278C97182942419AF43 /* Pods_AEObjCWorking_Example.framework */ = {isa = PBXFileReference; explicitFileType = wrapper.framework; includeInIndex = 0; path = Pods_AEObjCWorking_Example.framework; sourceTree = BUILT_PRODUCTS_DIR; };
		D59FB3738985744609AD6401 /* README.md */ = {isa = PBXFileReference; includeInIndex = 1; lastKnownFileType = net.daringfireball.markdown; name = README.md; path = ../README.md; sourceTree = "<group>"; };
		DAEBC3C85855DA32B502C953 /* LICENSE */ = {isa = PBXFileReference; includeInIndex = 1; lastKnownFileType = text; name = LICENSE; path = ../LICENSE; sourceTree = "<group>"; };
		F2C3863DA3F67CE4ACF8899F /* Pods-AEObjCWorking_Tests.release.xcconfig */ = {isa = PBXFileReference; includeInIndex = 1; lastKnownFileType = text.xcconfig; name = "Pods-AEObjCWorking_Tests.release.xcconfig"; path = "Target Support Files/Pods-AEObjCWorking_Tests/Pods-AEObjCWorking_Tests.release.xcconfig"; sourceTree = "<group>"; };
/* End PBXFileReference section */

/* Begin PBXFrameworksBuildPhase section */
		6003F587195388D20070C39A /* Frameworks */ = {
			isa = PBXFrameworksBuildPhase;
			buildActionMask = 2147483647;
			files = (
				7A6F9B642406192E006A923D /* libxml2.tbd in Frameworks */,
				6003F590195388D20070C39A /* CoreGraphics.framework in Frameworks */,
				6003F592195388D20070C39A /* UIKit.framework in Frameworks */,
				6003F58E195388D20070C39A /* Foundation.framework in Frameworks */,
				29416AB1E7CDF60B1F7C0E68 /* Pods_AEObjCWorking_Example.framework in Frameworks */,
			);
			runOnlyForDeploymentPostprocessing = 0;
		};
		6003F5AB195388D20070C39A /* Frameworks */ = {
			isa = PBXFrameworksBuildPhase;
			buildActionMask = 2147483647;
			files = (
				6003F5B0195388D20070C39A /* XCTest.framework in Frameworks */,
				6003F5B2195388D20070C39A /* UIKit.framework in Frameworks */,
				6003F5B1195388D20070C39A /* Foundation.framework in Frameworks */,
				5106C988FC001BC4CF2FDCA1 /* Pods_AEObjCWorking_Tests.framework in Frameworks */,
			);
			runOnlyForDeploymentPostprocessing = 0;
		};
/* End PBXFrameworksBuildPhase section */

/* Begin PBXGroup section */
		0C2C0AA6262A7EF20038859D /* RunLoop */ = {
			isa = PBXGroup;
			children = (
				0C2C0AA7262A7F8D0038859D /* AEMCObject.h */,
				0C2C0AA8262A7F8D0038859D /* AEMCObject.m */,
			);
			path = RunLoop;
			sourceTree = "<group>";
		};
		0C2C0AB2262B17050038859D /* GCD */ = {
			isa = PBXGroup;
			children = (
				0C2C0AB3262B17290038859D /* AEGroupObject.h */,
				0C2C0AB4262B17290038859D /* AEGroupObject.m */,
				0C2C0ABA262B173A0038859D /* AEUserCenter.h */,
				0C2C0ABB262B173A0038859D /* AEUserCenter.m */,
				0C2C0ABF262B1A7F0038859D /* AEGCDViewController.h */,
				0C2C0AC0262B1A7F0038859D /* AEGCDViewController.m */,
			);
			path = GCD;
			sourceTree = "<group>";
		};
		0C2C0AC6262B1F950038859D /* DesignPatten */ = {
			isa = PBXGroup;
			children = (
			);
			path = DesignPatten;
			sourceTree = "<group>";
		};
		0CD128542635A7280066F449 /* Unconventional */ = {
			isa = PBXGroup;
			children = (
				0CD128552635A75B0066F449 /* AEUnconventionalViewController.h */,
				0CD128562635A75B0066F449 /* AEUnconventionalViewController.m */,
				0CD1285C2635A7860066F449 /* AEScrollViewController.h */,
				0CD1285D2635A7860066F449 /* AEScrollViewController.m */,
			);
			path = Unconventional;
			sourceTree = "<group>";
		};
		6003F581195388D10070C39A = {
			isa = PBXGroup;
			children = (
				60FF7A9C1954A5C5007DD14C /* Podspec Metadata */,
				6003F593195388D20070C39A /* Example for AEObjCWorking */,
				6003F5B5195388D20070C39A /* Tests */,
				6003F58C195388D20070C39A /* Frameworks */,
				6003F58B195388D20070C39A /* Products */,
				81F40E56F2EAB5C2E9363911 /* Pods */,
			);
			sourceTree = "<group>";
		};
		6003F58B195388D20070C39A /* Products */ = {
			isa = PBXGroup;
			children = (
				6003F58A195388D20070C39A /* AEObjCWorking_Example.app */,
				6003F5AE195388D20070C39A /* AEObjCWorking_Tests.xctest */,
			);
			name = Products;
			sourceTree = "<group>";
		};
		6003F58C195388D20070C39A /* Frameworks */ = {
			isa = PBXGroup;
			children = (
				7A6F9B632406192D006A923D /* libxml2.tbd */,
				6003F58D195388D20070C39A /* Foundation.framework */,
				6003F58F195388D20070C39A /* CoreGraphics.framework */,
				6003F591195388D20070C39A /* UIKit.framework */,
				6003F5AF195388D20070C39A /* XCTest.framework */,
				B3248278C97182942419AF43 /* Pods_AEObjCWorking_Example.framework */,
				6407D1651B08F82B58F210B4 /* Pods_AEObjCWorking_Tests.framework */,
			);
			name = Frameworks;
			sourceTree = "<group>";
		};
		6003F593195388D20070C39A /* Example for AEObjCWorking */ = {
			isa = PBXGroup;
			children = (
				669E7EFD27D988FB00086068 /* CustomTitleView */,
				668F57E627C4CD730045AED4 /* FileOperation */,
				664AA8B9272303DE00D31930 /* Life */,
				6604B73826E9A7DA00D9BA56 /* Address */,
				0CD128542635A7280066F449 /* Unconventional */,
				666CEFFF26115D6600BCDF1E /* Knowledge */,
				7AEF450E240912830065B265 /* Popover */,
				7A6F9B5C2406183F006A923D /* HTMLParsing */,
				7A76520423F3CB7200A303DE /* IntelligentSorting */,
				7A6E01F023C702B200D34AB6 /* AETabBar */,
				7AA0E92423C40BBF0092DE5B /* AECardView */,
				7A44DE49228A46F30078B6A0 /* UI_Component */,
				7AF4CD2A2285761C0007FD12 /* AEDynamicLabel */,
				7A9CD79822783A93004E6D2A /* Tools */,
				7A9CD78B22782EC4004E6D2A /* CustomLayout */,
				7A52EB8A22782688009BC207 /* BaseClase */,
				7A52EB8922782676009BC207 /* Resources */,
				6003F59C195388D20070C39A /* AEAppDelegate.h */,
				6003F59D195388D20070C39A /* AEAppDelegate.m */,
				6003F5A5195388D20070C39A /* AECustomOptioinController.h */,
				6003F5A6195388D20070C39A /* AECustomOptioinController.m */,
				7AA0E93723C458120092DE5B /* Home */,
				663DB3FB26E9F8A10046C277 /* Supporting Files */,
			);
			name = "Example for AEObjCWorking";
			path = AEObjCWorking;
			sourceTree = "<group>";
		};
		6003F5B5195388D20070C39A /* Tests */ = {
			isa = PBXGroup;
			children = (
				6003F5BB195388D20070C39A /* Tests.m */,
				6003F5B6195388D20070C39A /* Supporting Files */,
			);
			path = Tests;
			sourceTree = "<group>";
		};
		6003F5B6195388D20070C39A /* Supporting Files */ = {
			isa = PBXGroup;
			children = (
				6003F5B7195388D20070C39A /* Tests-Info.plist */,
				6003F5B8195388D20070C39A /* InfoPlist.strings */,
				606FC2411953D9B200FFA9A0 /* Tests-Prefix.pch */,
			);
			name = "Supporting Files";
			sourceTree = "<group>";
		};
		60FF7A9C1954A5C5007DD14C /* Podspec Metadata */ = {
			isa = PBXGroup;
			children = (
				5E941048C9C5F30874F6C1D2 /* AEObjCWorking.podspec */,
				D59FB3738985744609AD6401 /* README.md */,
				DAEBC3C85855DA32B502C953 /* LICENSE */,
			);
			name = "Podspec Metadata";
			sourceTree = "<group>";
		};
		6604B73826E9A7DA00D9BA56 /* Address */ = {
			isa = PBXGroup;
			children = (
				6604B73926E9A82600D9BA56 /* AEAddressViewController.h */,
				6604B73A26E9A82600D9BA56 /* AEAddressViewController.m */,
				66273FE82814F1460028840B /* ProfessionTools */,
				6604B73C26E9A84C00D9BA56 /* AddressTools */,
			);
			path = Address;
			sourceTree = "<group>";
		};
		6604B73C26E9A84C00D9BA56 /* AddressTools */ = {
			isa = PBXGroup;
			children = (
				666D7CE126EDE34F00CC131B /* Address.txt */,
				666D7CE326EE014900CC131B /* Address1.txt */,
				6604B74026E9DC8C00D9BA56 /* AEAddressSelectViewController.h */,
				6604B74126E9DC8C00D9BA56 /* AEAddressSelectViewController.m */,
				6604B74626E9DDF600D9BA56 /* AEAddressSelectView.h */,
				6604B74726E9DDF600D9BA56 /* AEAddressSelectView.m */,
				6604B74326E9DCD500D9BA56 /* AEAddressTCell.h */,
				6604B74426E9DCD500D9BA56 /* AEAddressTCell.m */,
				6604B74B26E9DEF100D9BA56 /* AEAddressModel.h */,
				6604B74C26E9DEF100D9BA56 /* AEAddressModel.m */,
			);
			path = AddressTools;
			sourceTree = "<group>";
		};
		661EF3502627C545009E7037 /* OC */ = {
			isa = PBXGroup;
			children = (
				661EF3512627C588009E7037 /* AEBaseModel+AECategory.h */,
				661EF3522627C588009E7037 /* AEBaseModel+AECategory.m */,
				661EF3562627C598009E7037 /* AEBaseModel+AECategoryTest.h */,
				661EF3572627C598009E7037 /* AEBaseModel+AECategoryTest.m */,
			);
			path = OC;
			sourceTree = "<group>";
		};
		661EF35D2627DDA5009E7037 /* Arithmetic */ = {
			isa = PBXGroup;
			children = (
				661EF35E2627DE43009E7037 /* AENormalArithmetic.h */,
				661EF35F2627DE43009E7037 /* AENormalArithmetic.m */,
				661EF3712627F665009E7037 /* AEReverseList.h */,
				661EF3722627F665009E7037 /* AEReverseList.m */,
				661EF37826280D7A009E7037 /* AECommonSuperFind.h */,
				661EF37926280D7A009E7037 /* AECommonSuperFind.m */,
				661EF3652627E1FD009E7037 /* AEArithmeticViewController.h */,
				661EF3662627E1FD009E7037 /* AEArithmeticViewController.m */,
			);
			path = Arithmetic;
			sourceTree = "<group>";
		};
		66273FE82814F1460028840B /* ProfessionTools */ = {
			isa = PBXGroup;
			children = (
				66273FE92814F1760028840B /* profession.json */,
				66273FEB2815642C0028840B /* AEProfessionModel.h */,
				66273FEC2815642C0028840B /* AEProfessionModel.m */,
				66D5F36E2816311600122904 /* AEProfessionTCell.h */,
				66D5F36F2816311600122904 /* AEProfessionTCell.m */,
				66D5F3712816314500122904 /* AEProfessionSelectView.h */,
				66D5F3722816314500122904 /* AEProfessionSelectView.m */,
				66D5F378281696B900122904 /* AEProfessionSearchTCell.h */,
				66D5F379281696B900122904 /* AEProfessionSearchTCell.m */,
				66D5F3742816318F00122904 /* AEProfessionSelectViewController.h */,
				66D5F3752816318F00122904 /* AEProfessionSelectViewController.m */,
			);
			path = ProfessionTools;
			sourceTree = "<group>";
		};
		663DB3FB26E9F8A10046C277 /* Supporting Files */ = {
			isa = PBXGroup;
			children = (
				6003F595195388D20070C39A /* AEObjCWorking-Info.plist */,
				6003F596195388D20070C39A /* InfoPlist.strings */,
				6003F599195388D20070C39A /* main.m */,
				6003F59B195388D20070C39A /* AEObjCWorking-Prefix.pch */,
			);
			path = "Supporting Files";
			sourceTree = "<group>";
		};
		663F593B26B8DD9E00B92C3A /* Plist */ = {
			isa = PBXGroup;
			children = (
				663F593C26B8DDF000B92C3A /* AEDataPropertyList.plist */,
				663F593E26B8DF3100B92C3A /* AEDataHelper.h */,
				663F593F26B8DF3100B92C3A /* AEDataHelper.m */,
				663F594126B8E5F200B92C3A /* AEPlistViewController.h */,
				663F594226B8E5F200B92C3A /* AEPlistViewController.m */,
			);
			path = Plist;
			sourceTree = "<group>";
		};
		664AA8B9272303DE00D31930 /* Life */ = {
			isa = PBXGroup;
			children = (
				664AA8BA2723042500D31930 /* AELifeViewController.h */,
				664AA8BB2723042500D31930 /* AELifeViewController.m */,
			);
			path = Life;
			sourceTree = "<group>";
		};
		666CEFFF26115D6600BCDF1E /* Knowledge */ = {
			isa = PBXGroup;
			children = (
				666CEFFA26115D5E00BCDF1E /* AEOCKnowledgeViewController.h */,
				666CEFFB26115D5E00BCDF1E /* AEOCKnowledgeViewController.m */,
				666DC53527C7781900FBDF41 /* Category */,
				663F593B26B8DD9E00B92C3A /* Plist */,
				0C2C0AC6262B1F950038859D /* DesignPatten */,
				0C2C0AB2262B17050038859D /* GCD */,
				0C2C0AA6262A7EF20038859D /* RunLoop */,
				661EF35D2627DDA5009E7037 /* Arithmetic */,
				661EF3502627C545009E7037 /* OC */,
				666CF0632611B0FA00BCDF1E /* Block */,
				666CF0562611AD9D00BCDF1E /* Memory */,
				666CF03E2611A00900BCDF1E /* Runtime */,
				666CF0282611804F00BCDF1E /* KVO */,
				666CF01826117AF500BCDF1E /* Event */,
				666CF0042611667B00BCDF1E /* ReusePool */,
			);
			path = Knowledge;
			sourceTree = "<group>";
		};
		666CF0042611667B00BCDF1E /* ReusePool */ = {
			isa = PBXGroup;
			children = (
				666CF0052611669D00BCDF1E /* AEReusePoolViewController.h */,
				666CF0062611669D00BCDF1E /* AEReusePoolViewController.m */,
				666CF00C261166DB00BCDF1E /* AEReusePool.h */,
				666CF00D261166DB00BCDF1E /* AEReusePool.m */,
				666CF011261169B500BCDF1E /* AEIndexedTableView.h */,
				666CF012261169B500BCDF1E /* AEIndexedTableView.m */,
			);
			path = ReusePool;
			sourceTree = "<group>";
		};
		666CF01826117AF500BCDF1E /* Event */ = {
			isa = PBXGroup;
			children = (
				666CF01926117B0E00BCDF1E /* AEEventViewController.h */,
				666CF01A26117B0E00BCDF1E /* AEEventViewController.m */,
				666CF02026117B2B00BCDF1E /* AECustomButton.h */,
				666CF02126117B2B00BCDF1E /* AECustomButton.m */,
			);
			path = Event;
			sourceTree = "<group>";
		};
		666CF0282611804F00BCDF1E /* KVO */ = {
			isa = PBXGroup;
			children = (
				666CF0292611806700BCDF1E /* AEKVOViewController.h */,
				666CF02A2611806700BCDF1E /* AEKVOViewController.m */,
				666CF02E2611808900BCDF1E /* AEMObject.h */,
				666CF02F2611808900BCDF1E /* AEMObject.m */,
				666CF033261180BB00BCDF1E /* AEMObserver.h */,
				666CF034261180BB00BCDF1E /* AEMObserver.m */,
			);
			path = KVO;
			sourceTree = "<group>";
		};
		666CF03E2611A00900BCDF1E /* Runtime */ = {
			isa = PBXGroup;
			children = (
				666CF03F2611A02100BCDF1E /* AERuntimeObject.h */,
				666CF0402611A02100BCDF1E /* AERuntimeObject.m */,
				666CF0462611A03400BCDF1E /* AERuntimeViewController.h */,
				666CF0472611A03400BCDF1E /* AERuntimeViewController.m */,
				666CF04F2611AB7800BCDF1E /* AEAccount.h */,
				666CF0502611AB7800BCDF1E /* AEAccount.m */,
			);
			path = Runtime;
			sourceTree = "<group>";
		};
		666CF0562611AD9D00BCDF1E /* Memory */ = {
			isa = PBXGroup;
			children = (
				666CF0572611ADC100BCDF1E /* AEMemoryViewController.h */,
				666CF0582611ADC100BCDF1E /* AEMemoryViewController.m */,
				666CF05C2611ADF100BCDF1E /* NSTimer+AEWeakTimer.h */,
				666CF05D2611ADF100BCDF1E /* NSTimer+AEWeakTimer.m */,
			);
			path = Memory;
			sourceTree = "<group>";
		};
		666CF0632611B0FA00BCDF1E /* Block */ = {
			isa = PBXGroup;
			children = (
				666CF0642611B11C00BCDF1E /* AEBlockViewController.h */,
				666CF0652611B11C00BCDF1E /* AEBlockViewController.m */,
				666CF06B2611B34A00BCDF1E /* AEMCBlock.h */,
				666CF06C2611B34A00BCDF1E /* AEMCBlock.m */,
			);
			path = Block;
			sourceTree = "<group>";
		};
		666DC53527C7781900FBDF41 /* Category */ = {
			isa = PBXGroup;
			children = (
				666DC53627C7784500FBDF41 /* AECategoryViewController.h */,
				666DC53727C7784500FBDF41 /* AECategoryViewController.m */,
				666DC53927C7788B00FBDF41 /* AEStudyModel.h */,
				666DC53A27C7788B00FBDF41 /* AEStudyModel.m */,
				666DC53C27C7796D00FBDF41 /* AEStudyModel+StudyCategory.h */,
				666DC53D27C7796D00FBDF41 /* AEStudyModel+StudyCategory.m */,
				666DC53F27C77BCB00FBDF41 /* AEStudyModel+AEDouble.h */,
				666DC54027C77BCB00FBDF41 /* AEStudyModel+AEDouble.m */,
			);
			path = Category;
			sourceTree = "<group>";
		};
		668F57E627C4CD730045AED4 /* FileOperation */ = {
			isa = PBXGroup;
			children = (
				668F57E727C4CDB00045AED4 /* AEFileOperationViewController.h */,
				668F57E827C4CDB00045AED4 /* AEFileOperationViewController.m */,
				669ACDF927CDBB080013C239 /* AEGetFile.h */,
				669ACDFA27CDBB080013C239 /* AEGetFile.m */,
			);
			path = FileOperation;
			sourceTree = "<group>";
		};
		669E7EFD27D988FB00086068 /* CustomTitleView */ = {
			isa = PBXGroup;
			children = (
				669E7EFE27D9892900086068 /* AECustomTitleViewController.h */,
				669E7EFF27D9892900086068 /* AECustomTitleViewController.m */,
				669E7F0127D9904900086068 /* CustomView */,
			);
			path = CustomTitleView;
			sourceTree = "<group>";
		};
		669E7F0127D9904900086068 /* CustomView */ = {
			isa = PBXGroup;
			children = (
				669E7F0227D9906E00086068 /* AECustomTitleView.h */,
				669E7F0327D9906E00086068 /* AECustomTitleView.m */,
				66FADA982807AA17008DDABF /* AESpaceLabel.h */,
				66FADA992807AA17008DDABF /* AESpaceLabel.m */,
			);
			path = CustomView;
			sourceTree = "<group>";
		};
		7A44DE49228A46F30078B6A0 /* UI_Component */ = {
			isa = PBXGroup;
			children = (
				7A44DE4A228A471F0078B6A0 /* NSString+AELabelWidthAndHeight.h */,
				7A44DE4B228A471F0078B6A0 /* NSString+AELabelWidthAndHeight.m */,
				7A44DE4D228A481A0078B6A0 /* UIFont+AEFonts.h */,
				7A44DE4E228A481A0078B6A0 /* UIFont+AEFonts.m */,
				7A44DE50228A4A9D0078B6A0 /* UIView+AEGlowView.h */,
				7A44DE51228A4A9D0078B6A0 /* UIView+AEGlowView.m */,
				6667E25C27E1E64000D9BA78 /* UIButton+AEImagePlace.h */,
				6667E25D27E1E64000D9BA78 /* UIButton+AEImagePlace.m */,
			);
			path = UI_Component;
			sourceTree = "<group>";
		};
		7A52EB8922782676009BC207 /* Resources */ = {
			isa = PBXGroup;
			children = (
				6003F5A8195388D20070C39A /* Images.xcassets */,
				71719F9D1E33DC2100824A3D /* LaunchScreen.storyboard */,
				7A52EB88227823FC009BC207 /* AEPrefixHeader.pch */,
				66D5F37728166FE400122904 /* AEConfig.h */,
				873B8AEA1B1F5CCA007FD442 /* Main.storyboard */,
			);
			path = Resources;
			sourceTree = "<group>";
		};
		7A52EB8A22782688009BC207 /* BaseClase */ = {
			isa = PBXGroup;
			children = (
				7A52EB8B2278274F009BC207 /* AEBaseModel.h */,
				7A52EB8C2278274F009BC207 /* AEBaseModel.m */,
				7A52EB8E227827A1009BC207 /* AEBaseView.h */,
				7A52EB8F227827A1009BC207 /* AEBaseView.m */,
				7A9CD78822782E85004E6D2A /* AEBaseViewController.h */,
				7A9CD78922782E85004E6D2A /* AEBaseViewController.m */,
			);
			path = BaseClase;
			sourceTree = "<group>";
		};
		7A6E01F023C702B200D34AB6 /* AETabBar */ = {
			isa = PBXGroup;
			children = (
				7A6E01F123C702DC00D34AB6 /* AETabBar.h */,
				7A6E01F223C702DC00D34AB6 /* AETabBar.m */,
				7A77FC5123CDB2F9008E6F1A /* AETabBarButton.h */,
				7A77FC5223CDB2F9008E6F1A /* AETabBarButton.m */,
				7A6E01F723C7124900D34AB6 /* AETabBarItem.h */,
				7A6E01F823C7124900D34AB6 /* AETabBarItem.m */,
				7A6E01F423C7100200D34AB6 /* AEMainTabBarController.h */,
				7A6E01F523C7100200D34AB6 /* AEMainTabBarController.m */,
			);
			path = AETabBar;
			sourceTree = "<group>";
		};
		7A6F9B5C2406183F006A923D /* HTMLParsing */ = {
			isa = PBXGroup;
			children = (
				7A6F9B6F24061B1C006A923D /* index.html */,
				7A6F9B6524061A50006A923D /* Hpple */,
				7A6F9B5D24061873006A923D /* AEHTMLParsingController.h */,
				7A6F9B5E24061873006A923D /* AEHTMLParsingController.m */,
				7A6F9B60240618BC006A923D /* AEHTMLParsingTool.h */,
				7A6F9B61240618BC006A923D /* AEHTMLParsingTool.m */,
			);
			path = HTMLParsing;
			sourceTree = "<group>";
		};
		7A6F9B6524061A50006A923D /* Hpple */ = {
			isa = PBXGroup;
			children = (
				7A6F9B6724061A63006A923D /* TFHpple.h */,
				7A6F9B6824061A63006A923D /* TFHpple.m */,
				7A6F9B6624061A63006A923D /* TFHppleElement.h */,
				7A6F9B6924061A63006A923D /* TFHppleElement.m */,
				7A6F9B6A24061A64006A923D /* XPathQuery.h */,
				7A6F9B6B24061A64006A923D /* XPathQuery.m */,
			);
			path = Hpple;
			sourceTree = "<group>";
		};
		7A76520423F3CB7200A303DE /* IntelligentSorting */ = {
			isa = PBXGroup;
			children = (
				7A76520823F3CBD300A303DE /* AEIntelligentSortingController.h */,
				7A76520923F3CBD300A303DE /* AEIntelligentSortingController.m */,
				7A76520B23F3CCA900A303DE /* Model */,
			);
			path = IntelligentSorting;
			sourceTree = "<group>";
		};
		7A76520B23F3CCA900A303DE /* Model */ = {
			isa = PBXGroup;
			children = (
				7A76520C23F3CCB400A303DE /* Goods.h */,
				7A76520D23F3CCB400A303DE /* Goods.m */,
			);
			path = Model;
			sourceTree = "<group>";
		};
		7A9CD78B22782EC4004E6D2A /* CustomLayout */ = {
			isa = PBXGroup;
			children = (
				7A9CD78C22783032004E6D2A /* AECustomOptionView.h */,
				7A9CD78D22783032004E6D2A /* AECustomOptionView.m */,
				7A9CD79C22784703004E6D2A /* AECustomViewFlowLayout.h */,
				7A9CD79D22784703004E6D2A /* AECustomViewFlowLayout.m */,
				7A9CD78F227830BE004E6D2A /* AEAECustomOptionCell.h */,
				7A9CD790227830BE004E6D2A /* AEAECustomOptionCell.m */,
				7A9CD792227833D7004E6D2A /* AECustomOptionModel.h */,
				7A9CD793227833D7004E6D2A /* AECustomOptionModel.m */,
				7A9CD79522783544004E6D2A /* AECustomOptioinViewController.h */,
				7A9CD79622783544004E6D2A /* AECustomOptioinViewController.m */,
			);
			path = CustomLayout;
			sourceTree = "<group>";
		};
		7A9CD79822783A93004E6D2A /* Tools */ = {
			isa = PBXGroup;
			children = (
				7A9CD79922783AC9004E6D2A /* AEConvenientTool.h */,
				7A9CD79A22783AC9004E6D2A /* AEConvenientTool.m */,
				663DB3F826E9F6690046C277 /* UIColor+AECategory.h */,
				663DB3F926E9F6690046C277 /* UIColor+AECategory.m */,
			);
			path = Tools;
			sourceTree = "<group>";
		};
		7AA0E92423C40BBF0092DE5B /* AECardView */ = {
			isa = PBXGroup;
			children = (
				7AA0E93A23C462720092DE5B /* View */,
				7AA0E93923C462680092DE5B /* Model */,
				7AA0E92823C4124B0092DE5B /* AEDynamicCardController.h */,
				7AA0E92923C4124B0092DE5B /* AEDynamicCardController.m */,
			);
			path = AECardView;
			sourceTree = "<group>";
		};
		7AA0E93723C458120092DE5B /* Home */ = {
			isa = PBXGroup;
			children = (
				7AA0E93423C456BD0092DE5B /* AEHomeViewController.h */,
				7AA0E93523C456BD0092DE5B /* AEHomeViewController.m */,
				7AA0E93823C4581D0092DE5B /* View */,
			);
			path = Home;
			sourceTree = "<group>";
		};
		7AA0E93823C4581D0092DE5B /* View */ = {
			isa = PBXGroup;
			children = (
			);
			path = View;
			sourceTree = "<group>";
		};
		7AA0E93923C462680092DE5B /* Model */ = {
			isa = PBXGroup;
			children = (
				7AA0E93B23C462A90092DE5B /* AECardModel.h */,
				7AA0E93C23C462A90092DE5B /* AECardModel.m */,
			);
			path = Model;
			sourceTree = "<group>";
		};
		7AA0E93A23C462720092DE5B /* View */ = {
			isa = PBXGroup;
			children = (
				7AA0E92B23C4125C0092DE5B /* AECardView.h */,
				7AA0E92C23C4125C0092DE5B /* AECardView.m */,
				7AA0E92E23C412DD0092DE5B /* AECardTransformLayout.h */,
				7AA0E92F23C412DD0092DE5B /* AECardTransformLayout.m */,
				7AA0E93123C413040092DE5B /* AECardViewCCell.h */,
				7AA0E93223C413040092DE5B /* AECardViewCCell.m */,
			);
			path = View;
			sourceTree = "<group>";
		};
		7AEF450E240912830065B265 /* Popover */ = {
			isa = PBXGroup;
			children = (
				7AEF45122409131E0065B265 /* AEPopoverShowController.h */,
				7AEF45132409131E0065B265 /* AEPopoverShowController.m */,
				7AEF450F240912AD0065B265 /* AEPopoverController.h */,
				7AEF4510240912AD0065B265 /* AEPopoverController.m */,
				7AEF4515240914540065B265 /* AEPopSheetController.h */,
				7AEF4516240914540065B265 /* AEPopSheetController.m */,
			);
			path = Popover;
			sourceTree = "<group>";
		};
		7AF4CD2A2285761C0007FD12 /* AEDynamicLabel */ = {
			isa = PBXGroup;
			children = (
				7AF4CD2B228577000007FD12 /* AEDynamicLabel.h */,
				7AF4CD2C228577000007FD12 /* AEDynamicLabel.m */,
			);
			path = AEDynamicLabel;
			sourceTree = "<group>";
		};
		81F40E56F2EAB5C2E9363911 /* Pods */ = {
			isa = PBXGroup;
			children = (
				799148480B939A5DDB5260BD /* Pods-AEObjCWorking_Example.debug.xcconfig */,
				3B8F5098F45FE6165059236E /* Pods-AEObjCWorking_Example.release.xcconfig */,
				9B55D63D400D4580DC7E0A24 /* Pods-AEObjCWorking_Tests.debug.xcconfig */,
				F2C3863DA3F67CE4ACF8899F /* Pods-AEObjCWorking_Tests.release.xcconfig */,
			);
			path = Pods;
			sourceTree = "<group>";
		};
/* End PBXGroup section */

/* Begin PBXNativeTarget section */
		6003F589195388D20070C39A /* AEObjCWorking_Example */ = {
			isa = PBXNativeTarget;
			buildConfigurationList = 6003F5BF195388D20070C39A /* Build configuration list for PBXNativeTarget "AEObjCWorking_Example" */;
			buildPhases = (
				37B01D16DE2EA6A96D3183B4 /* [CP] Check Pods Manifest.lock */,
				6003F586195388D20070C39A /* Sources */,
				6003F587195388D20070C39A /* Frameworks */,
				6003F588195388D20070C39A /* Resources */,
				0B12AE9E13D743269FA7850A /* [CP] Embed Pods Frameworks */,
			);
			buildRules = (
			);
			dependencies = (
			);
			name = AEObjCWorking_Example;
			productName = AEObjCWorking;
			productReference = 6003F58A195388D20070C39A /* AEObjCWorking_Example.app */;
			productType = "com.apple.product-type.application";
		};
		6003F5AD195388D20070C39A /* AEObjCWorking_Tests */ = {
			isa = PBXNativeTarget;
			buildConfigurationList = 6003F5C2195388D20070C39A /* Build configuration list for PBXNativeTarget "AEObjCWorking_Tests" */;
			buildPhases = (
				A54A27CA9CB3BE9082F2CCEE /* [CP] Check Pods Manifest.lock */,
				6003F5AA195388D20070C39A /* Sources */,
				6003F5AB195388D20070C39A /* Frameworks */,
				6003F5AC195388D20070C39A /* Resources */,
			);
			buildRules = (
			);
			dependencies = (
				6003F5B4195388D20070C39A /* PBXTargetDependency */,
			);
			name = AEObjCWorking_Tests;
			productName = AEObjCWorkingTests;
			productReference = 6003F5AE195388D20070C39A /* AEObjCWorking_Tests.xctest */;
			productType = "com.apple.product-type.bundle.unit-test";
		};
/* End PBXNativeTarget section */

/* Begin PBXProject section */
		6003F582195388D10070C39A /* Project object */ = {
			isa = PBXProject;
			attributes = {
				CLASSPREFIX = AE;
				LastUpgradeCheck = 0720;
				ORGANIZATIONNAME = HYAdonisCoding;
				TargetAttributes = {
					6003F589195388D20070C39A = {
						DevelopmentTeam = N2KQ965WEJ;
						ProvisioningStyle = Automatic;
					};
					6003F5AD195388D20070C39A = {
						TestTargetID = 6003F589195388D20070C39A;
					};
				};
			};
			buildConfigurationList = 6003F585195388D10070C39A /* Build configuration list for PBXProject "AEObjCWorking" */;
			compatibilityVersion = "Xcode 3.2";
			developmentRegion = English;
			hasScannedForEncodings = 0;
			knownRegions = (
				English,
				en,
				Base,
			);
			mainGroup = 6003F581195388D10070C39A;
			productRefGroup = 6003F58B195388D20070C39A /* Products */;
			projectDirPath = "";
			projectRoot = "";
			targets = (
				6003F589195388D20070C39A /* AEObjCWorking_Example */,
				6003F5AD195388D20070C39A /* AEObjCWorking_Tests */,
			);
		};
/* End PBXProject section */

/* Begin PBXResourcesBuildPhase section */
		6003F588195388D20070C39A /* Resources */ = {
			isa = PBXResourcesBuildPhase;
			buildActionMask = 2147483647;
			files = (
				7A6F9B7024061B1C006A923D /* index.html in Resources */,
				666D7CE426EE014A00CC131B /* Address1.txt in Resources */,
				873B8AEB1B1F5CCA007FD442 /* Main.storyboard in Resources */,
				66273FEA2814F1760028840B /* profession.json in Resources */,
				71719F9F1E33DC2100824A3D /* LaunchScreen.storyboard in Resources */,
				6003F5A9195388D20070C39A /* Images.xcassets in Resources */,
				6003F598195388D20070C39A /* InfoPlist.strings in Resources */,
				663F593D26B8DDF000B92C3A /* AEDataPropertyList.plist in Resources */,
				666D7CE226EDE34F00CC131B /* Address.txt in Resources */,
			);
			runOnlyForDeploymentPostprocessing = 0;
		};
		6003F5AC195388D20070C39A /* Resources */ = {
			isa = PBXResourcesBuildPhase;
			buildActionMask = 2147483647;
			files = (
				6003F5BA195388D20070C39A /* InfoPlist.strings in Resources */,
			);
			runOnlyForDeploymentPostprocessing = 0;
		};
/* End PBXResourcesBuildPhase section */

/* Begin PBXShellScriptBuildPhase section */
		0B12AE9E13D743269FA7850A /* [CP] Embed Pods Frameworks */ = {
			isa = PBXShellScriptBuildPhase;
			buildActionMask = 2147483647;
			files = (
			);
			inputPaths = (
				"${PODS_ROOT}/Target Support Files/Pods-AEObjCWorking_Example/Pods-AEObjCWorking_Example-frameworks.sh",
				"${BUILT_PRODUCTS_DIR}/AEObjCWorking/AEObjCWorking.framework",
				"${BUILT_PRODUCTS_DIR}/Masonry/Masonry.framework",
				"${BUILT_PRODUCTS_DIR}/YYModel/YYModel.framework",
			);
			name = "[CP] Embed Pods Frameworks";
			outputPaths = (
				"${TARGET_BUILD_DIR}/${FRAMEWORKS_FOLDER_PATH}/AEObjCWorking.framework",
				"${TARGET_BUILD_DIR}/${FRAMEWORKS_FOLDER_PATH}/Masonry.framework",
				"${TARGET_BUILD_DIR}/${FRAMEWORKS_FOLDER_PATH}/YYModel.framework",
			);
			runOnlyForDeploymentPostprocessing = 0;
			shellPath = /bin/sh;
			shellScript = "\"${PODS_ROOT}/Target Support Files/Pods-AEObjCWorking_Example/Pods-AEObjCWorking_Example-frameworks.sh\"\n";
			showEnvVarsInLog = 0;
		};
		37B01D16DE2EA6A96D3183B4 /* [CP] Check Pods Manifest.lock */ = {
			isa = PBXShellScriptBuildPhase;
			buildActionMask = 2147483647;
			files = (
			);
			inputFileListPaths = (
			);
			inputPaths = (
				"${PODS_PODFILE_DIR_PATH}/Podfile.lock",
				"${PODS_ROOT}/Manifest.lock",
			);
			name = "[CP] Check Pods Manifest.lock";
			outputFileListPaths = (
			);
			outputPaths = (
				"$(DERIVED_FILE_DIR)/Pods-AEObjCWorking_Example-checkManifestLockResult.txt",
			);
			runOnlyForDeploymentPostprocessing = 0;
			shellPath = /bin/sh;
			shellScript = "diff \"${PODS_PODFILE_DIR_PATH}/Podfile.lock\" \"${PODS_ROOT}/Manifest.lock\" > /dev/null\nif [ $? != 0 ] ; then\n    # print error to STDERR\n    echo \"error: The sandbox is not in sync with the Podfile.lock. Run 'pod install' or update your CocoaPods installation.\" >&2\n    exit 1\nfi\n# This output is used by Xcode 'outputs' to avoid re-running this script phase.\necho \"SUCCESS\" > \"${SCRIPT_OUTPUT_FILE_0}\"\n";
			showEnvVarsInLog = 0;
		};
		A54A27CA9CB3BE9082F2CCEE /* [CP] Check Pods Manifest.lock */ = {
			isa = PBXShellScriptBuildPhase;
			buildActionMask = 2147483647;
			files = (
			);
			inputFileListPaths = (
			);
			inputPaths = (
				"${PODS_PODFILE_DIR_PATH}/Podfile.lock",
				"${PODS_ROOT}/Manifest.lock",
			);
			name = "[CP] Check Pods Manifest.lock";
			outputFileListPaths = (
			);
			outputPaths = (
				"$(DERIVED_FILE_DIR)/Pods-AEObjCWorking_Tests-checkManifestLockResult.txt",
			);
			runOnlyForDeploymentPostprocessing = 0;
			shellPath = /bin/sh;
			shellScript = "diff \"${PODS_PODFILE_DIR_PATH}/Podfile.lock\" \"${PODS_ROOT}/Manifest.lock\" > /dev/null\nif [ $? != 0 ] ; then\n    # print error to STDERR\n    echo \"error: The sandbox is not in sync with the Podfile.lock. Run 'pod install' or update your CocoaPods installation.\" >&2\n    exit 1\nfi\n# This output is used by Xcode 'outputs' to avoid re-running this script phase.\necho \"SUCCESS\" > \"${SCRIPT_OUTPUT_FILE_0}\"\n";
			showEnvVarsInLog = 0;
		};
/* End PBXShellScriptBuildPhase section */

/* Begin PBXSourcesBuildPhase section */
		6003F586195388D20070C39A /* Sources */ = {
			isa = PBXSourcesBuildPhase;
			buildActionMask = 2147483647;
			files = (
				661EF3532627C588009E7037 /* AEBaseModel+AECategory.m in Sources */,
				7A9CD794227833D7004E6D2A /* AECustomOptionModel.m in Sources */,
				7A6F9B5F24061873006A923D /* AEHTMLParsingController.m in Sources */,
				7AA0E92A23C4124B0092DE5B /* AEDynamicCardController.m in Sources */,
				661EF3732627F665009E7037 /* AEReverseList.m in Sources */,
				7A44DE4F228A481A0078B6A0 /* UIFont+AEFonts.m in Sources */,
				666CF0302611808900BCDF1E /* AEMObject.m in Sources */,
				661EF3672627E1FD009E7037 /* AEArithmeticViewController.m in Sources */,
				66D5F3702816311600122904 /* AEProfessionTCell.m in Sources */,
				7A6F9B6E24061A64006A923D /* XPathQuery.m in Sources */,
				7A9CD79E22784703004E6D2A /* AECustomViewFlowLayout.m in Sources */,
				6604B73B26E9A82600D9BA56 /* AEAddressViewController.m in Sources */,
				664AA8BC2723042500D31930 /* AELifeViewController.m in Sources */,
				666CF06D2611B34A00BCDF1E /* AEMCBlock.m in Sources */,
				666CF02226117B2B00BCDF1E /* AECustomButton.m in Sources */,
				0C2C0AA9262A7F8D0038859D /* AEMCObject.m in Sources */,
				7A6F9B62240618BC006A923D /* AEHTMLParsingTool.m in Sources */,
				666CF0512611AB7800BCDF1E /* AEAccount.m in Sources */,
				0C2C0ABC262B173A0038859D /* AEUserCenter.m in Sources */,
				663F594026B8DF3100B92C3A /* AEDataHelper.m in Sources */,
				7A76520A23F3CBD300A303DE /* AEIntelligentSortingController.m in Sources */,
				663DB3FA26E9F6690046C277 /* UIColor+AECategory.m in Sources */,
				666CEFFC26115D5E00BCDF1E /* AEOCKnowledgeViewController.m in Sources */,
				663F594326B8E5F200B92C3A /* AEPlistViewController.m in Sources */,
				6604B74826E9DDF600D9BA56 /* AEAddressSelectView.m in Sources */,
				6604B74526E9DCD500D9BA56 /* AEAddressTCell.m in Sources */,
				669E7F0427D9906E00086068 /* AECustomTitleView.m in Sources */,
				666CF0412611A02100BCDF1E /* AERuntimeObject.m in Sources */,
				669E7F0027D9892900086068 /* AECustomTitleViewController.m in Sources */,
				661EF3602627DE43009E7037 /* AENormalArithmetic.m in Sources */,
				7A44DE4C228A471F0078B6A0 /* NSString+AELabelWidthAndHeight.m in Sources */,
				666CF035261180BB00BCDF1E /* AEMObserver.m in Sources */,
				7AEF45142409131E0065B265 /* AEPopoverShowController.m in Sources */,
				666CF05E2611ADF100BCDF1E /* NSTimer+AEWeakTimer.m in Sources */,
				666CF02B2611806700BCDF1E /* AEKVOViewController.m in Sources */,
				661EF37A26280D7A009E7037 /* AECommonSuperFind.m in Sources */,
				7A6F9B6D24061A64006A923D /* TFHppleElement.m in Sources */,
				669ACDFB27CDBB080013C239 /* AEGetFile.m in Sources */,
				7A76520E23F3CCB400A303DE /* Goods.m in Sources */,
				666CF0592611ADC100BCDF1E /* AEMemoryViewController.m in Sources */,
				66D5F3732816314500122904 /* AEProfessionSelectView.m in Sources */,
				0CD1285E2635A7860066F449 /* AEScrollViewController.m in Sources */,
				666CF0072611669D00BCDF1E /* AEReusePoolViewController.m in Sources */,
				666DC53827C7784500FBDF41 /* AECategoryViewController.m in Sources */,
				6604B74D26E9DEF100D9BA56 /* AEAddressModel.m in Sources */,
				666DC53E27C7796D00FBDF41 /* AEStudyModel+StudyCategory.m in Sources */,
				66FADA9A2807AA17008DDABF /* AESpaceLabel.m in Sources */,
				666DC54127C77BCC00FBDF41 /* AEStudyModel+AEDouble.m in Sources */,
				6003F59E195388D20070C39A /* AEAppDelegate.m in Sources */,
				666CF0662611B11C00BCDF1E /* AEBlockViewController.m in Sources */,
				7AA0E93323C413040092DE5B /* AECardViewCCell.m in Sources */,
				66273FED2815642C0028840B /* AEProfessionModel.m in Sources */,
				66D5F37A281696B900122904 /* AEProfessionSearchTCell.m in Sources */,
				7AA0E93D23C462A90092DE5B /* AECardModel.m in Sources */,
				7A6F9B6C24061A64006A923D /* TFHpple.m in Sources */,
				7A9CD79722783544004E6D2A /* AECustomOptioinViewController.m in Sources */,
				7A9CD791227830BE004E6D2A /* AEAECustomOptionCell.m in Sources */,
				6003F5A7195388D20070C39A /* AECustomOptioinController.m in Sources */,
				661EF3582627C598009E7037 /* AEBaseModel+AECategoryTest.m in Sources */,
				7A52EB8D2278274F009BC207 /* AEBaseModel.m in Sources */,
				7AA0E92D23C4125C0092DE5B /* AECardView.m in Sources */,
				0CD128572635A75B0066F449 /* AEUnconventionalViewController.m in Sources */,
				666CF0482611A03400BCDF1E /* AERuntimeViewController.m in Sources */,
				666CF00E261166DB00BCDF1E /* AEReusePool.m in Sources */,
				7A9CD79B22783AC9004E6D2A /* AEConvenientTool.m in Sources */,
				666CF013261169B500BCDF1E /* AEIndexedTableView.m in Sources */,
				666CF01B26117B0E00BCDF1E /* AEEventViewController.m in Sources */,
				0C2C0AC1262B1A7F0038859D /* AEGCDViewController.m in Sources */,
				0C2C0AB5262B17290038859D /* AEGroupObject.m in Sources */,
				6604B74226E9DC8E00D9BA56 /* AEAddressSelectViewController.m in Sources */,
				7A6E01F923C7124900D34AB6 /* AETabBarItem.m in Sources */,
				7AEF4517240914540065B265 /* AEPopSheetController.m in Sources */,
				6667E25E27E1E64100D9BA78 /* UIButton+AEImagePlace.m in Sources */,
				7A77FC5323CDB2F9008E6F1A /* AETabBarButton.m in Sources */,
				7AA0E93623C456BD0092DE5B /* AEHomeViewController.m in Sources */,
				6003F59A195388D20070C39A /* main.m in Sources */,
				666DC53B27C7788B00FBDF41 /* AEStudyModel.m in Sources */,
				7AA0E93023C412DD0092DE5B /* AECardTransformLayout.m in Sources */,
				7A9CD78E22783033004E6D2A /* AECustomOptionView.m in Sources */,
				668F57E927C4CDB00045AED4 /* AEFileOperationViewController.m in Sources */,
				7A44DE52228A4A9D0078B6A0 /* UIView+AEGlowView.m in Sources */,
				66D5F3762816318F00122904 /* AEProfessionSelectViewController.m in Sources */,
				7A6E01F323C702DC00D34AB6 /* AETabBar.m in Sources */,
				7AEF4511240912AD0065B265 /* AEPopoverController.m in Sources */,
				7A52EB90227827A1009BC207 /* AEBaseView.m in Sources */,
				7A6E01F623C7100200D34AB6 /* AEMainTabBarController.m in Sources */,
				7AF4CD2D228577000007FD12 /* AEDynamicLabel.m in Sources */,
				7A9CD78A22782E85004E6D2A /* AEBaseViewController.m in Sources */,
			);
			runOnlyForDeploymentPostprocessing = 0;
		};
		6003F5AA195388D20070C39A /* Sources */ = {
			isa = PBXSourcesBuildPhase;
			buildActionMask = 2147483647;
			files = (
				6003F5BC195388D20070C39A /* Tests.m in Sources */,
			);
			runOnlyForDeploymentPostprocessing = 0;
		};
/* End PBXSourcesBuildPhase section */

/* Begin PBXTargetDependency section */
		6003F5B4195388D20070C39A /* PBXTargetDependency */ = {
			isa = PBXTargetDependency;
			target = 6003F589195388D20070C39A /* AEObjCWorking_Example */;
			targetProxy = 6003F5B3195388D20070C39A /* PBXContainerItemProxy */;
		};
/* End PBXTargetDependency section */

/* Begin PBXVariantGroup section */
		6003F596195388D20070C39A /* InfoPlist.strings */ = {
			isa = PBXVariantGroup;
			children = (
				6003F597195388D20070C39A /* en */,
			);
			name = InfoPlist.strings;
			sourceTree = "<group>";
		};
		6003F5B8195388D20070C39A /* InfoPlist.strings */ = {
			isa = PBXVariantGroup;
			children = (
				6003F5B9195388D20070C39A /* en */,
			);
			name = InfoPlist.strings;
			sourceTree = "<group>";
		};
		71719F9D1E33DC2100824A3D /* LaunchScreen.storyboard */ = {
			isa = PBXVariantGroup;
			children = (
				71719F9E1E33DC2100824A3D /* Base */,
			);
			name = LaunchScreen.storyboard;
			sourceTree = "<group>";
		};
/* End PBXVariantGroup section */

/* Begin XCBuildConfiguration section */
		6003F5BD195388D20070C39A /* Debug */ = {
			isa = XCBuildConfiguration;
			buildSettings = {
				ALWAYS_SEARCH_USER_PATHS = NO;
				CLANG_CXX_LANGUAGE_STANDARD = "gnu++0x";
				CLANG_CXX_LIBRARY = "libc++";
				CLANG_ENABLE_MODULES = YES;
				CLANG_ENABLE_OBJC_ARC = YES;
				CLANG_WARN_BOOL_CONVERSION = YES;
				CLANG_WARN_CONSTANT_CONVERSION = YES;
				CLANG_WARN_DIRECT_OBJC_ISA_USAGE = YES_ERROR;
				CLANG_WARN_EMPTY_BODY = YES;
				CLANG_WARN_ENUM_CONVERSION = YES;
				CLANG_WARN_INT_CONVERSION = YES;
				CLANG_WARN_OBJC_ROOT_CLASS = YES_ERROR;
				CLANG_WARN__DUPLICATE_METHOD_MATCH = YES;
				"CODE_SIGN_IDENTITY[sdk=iphoneos*]" = "iPhone Developer";
				COPY_PHASE_STRIP = NO;
				ENABLE_TESTABILITY = YES;
				GCC_C_LANGUAGE_STANDARD = gnu99;
				GCC_DYNAMIC_NO_PIC = NO;
				GCC_OPTIMIZATION_LEVEL = 0;
				GCC_PREPROCESSOR_DEFINITIONS = (
					"DEBUG=1",
					"$(inherited)",
				);
				GCC_SYMBOLS_PRIVATE_EXTERN = NO;
				GCC_WARN_64_TO_32_BIT_CONVERSION = YES;
				GCC_WARN_ABOUT_RETURN_TYPE = YES_ERROR;
				GCC_WARN_UNDECLARED_SELECTOR = YES;
				GCC_WARN_UNINITIALIZED_AUTOS = YES_AGGRESSIVE;
				GCC_WARN_UNUSED_FUNCTION = YES;
				GCC_WARN_UNUSED_VARIABLE = YES;
				IPHONEOS_DEPLOYMENT_TARGET = 9.3;
				ONLY_ACTIVE_ARCH = YES;
				SDKROOT = iphoneos;
				TARGETED_DEVICE_FAMILY = "1,2";
			};
			name = Debug;
		};
		6003F5BE195388D20070C39A /* Release */ = {
			isa = XCBuildConfiguration;
			buildSettings = {
				ALWAYS_SEARCH_USER_PATHS = NO;
				CLANG_CXX_LANGUAGE_STANDARD = "gnu++0x";
				CLANG_CXX_LIBRARY = "libc++";
				CLANG_ENABLE_MODULES = YES;
				CLANG_ENABLE_OBJC_ARC = YES;
				CLANG_WARN_BOOL_CONVERSION = YES;
				CLANG_WARN_CONSTANT_CONVERSION = YES;
				CLANG_WARN_DIRECT_OBJC_ISA_USAGE = YES_ERROR;
				CLANG_WARN_EMPTY_BODY = YES;
				CLANG_WARN_ENUM_CONVERSION = YES;
				CLANG_WARN_INT_CONVERSION = YES;
				CLANG_WARN_OBJC_ROOT_CLASS = YES_ERROR;
				CLANG_WARN__DUPLICATE_METHOD_MATCH = YES;
				"CODE_SIGN_IDENTITY[sdk=iphoneos*]" = "iPhone Developer";
				COPY_PHASE_STRIP = YES;
				ENABLE_NS_ASSERTIONS = NO;
				GCC_C_LANGUAGE_STANDARD = gnu99;
				GCC_WARN_64_TO_32_BIT_CONVERSION = YES;
				GCC_WARN_ABOUT_RETURN_TYPE = YES_ERROR;
				GCC_WARN_UNDECLARED_SELECTOR = YES;
				GCC_WARN_UNINITIALIZED_AUTOS = YES_AGGRESSIVE;
				GCC_WARN_UNUSED_FUNCTION = YES;
				GCC_WARN_UNUSED_VARIABLE = YES;
				IPHONEOS_DEPLOYMENT_TARGET = 9.3;
				SDKROOT = iphoneos;
				TARGETED_DEVICE_FAMILY = "1,2";
				VALIDATE_PRODUCT = YES;
			};
			name = Release;
		};
		6003F5C0195388D20070C39A /* Debug */ = {
			isa = XCBuildConfiguration;
			baseConfigurationReference = 799148480B939A5DDB5260BD /* Pods-AEObjCWorking_Example.debug.xcconfig */;
			buildSettings = {
				ASSETCATALOG_COMPILER_APPICON_NAME = AppIcon;
				CODE_SIGN_IDENTITY = "Apple Development";
				CODE_SIGN_STYLE = Automatic;
				DEVELOPMENT_TEAM = N2KQ965WEJ;
				GCC_PRECOMPILE_PREFIX_HEADER = YES;
				GCC_PREFIX_HEADER = "$(SRCROOT)/AEObjCWorking/Resources/AEPrefixHeader.pch";
				GCC_SYMBOLS_PRIVATE_EXTERN = YES;
				HEADER_SEARCH_PATHS = (
					"$(inherited)",
					"\"${PODS_CONFIGURATION_BUILD_DIR}/AEObjCWorking/AEObjCWorking.framework/Headers\"",
					"\"${PODS_CONFIGURATION_BUILD_DIR}/Masonry/Masonry.framework/Headers\"",
					"\"${PODS_CONFIGURATION_BUILD_DIR}/YYModel/YYModel.framework/Headers\"",
					"$(SDKROOT)/usr/include/libxml2",
				);
				INFOPLIST_FILE = "AEObjCWorking/Supporting Files/AEObjCWorking-Info.plist";
				IPHONEOS_DEPLOYMENT_TARGET = 9.0;
				MODULE_NAME = ExampleApp;
				PRODUCT_BUNDLE_IDENTIFIER = com.cebbank.test.AEObjCWorking;
				PRODUCT_NAME = "$(TARGET_NAME)";
				PROVISIONING_PROFILE_SPECIFIER = "";
				WRAPPER_EXTENSION = app;
			};
			name = Debug;
		};
		6003F5C1195388D20070C39A /* Release */ = {
			isa = XCBuildConfiguration;
			baseConfigurationReference = 3B8F5098F45FE6165059236E /* Pods-AEObjCWorking_Example.release.xcconfig */;
			buildSettings = {
				ASSETCATALOG_COMPILER_APPICON_NAME = AppIcon;
				CODE_SIGN_STYLE = Manual;
				DEVELOPMENT_TEAM = 53VUVA3CT9;
				GCC_PRECOMPILE_PREFIX_HEADER = YES;
				GCC_PREFIX_HEADER = "$(SRCROOT)/AEObjCWorking/Resources/AEPrefixHeader.pch";
				HEADER_SEARCH_PATHS = (
					"$(inherited)",
					"\"${PODS_CONFIGURATION_BUILD_DIR}/AEObjCWorking/AEObjCWorking.framework/Headers\"",
					"\"${PODS_CONFIGURATION_BUILD_DIR}/Masonry/Masonry.framework/Headers\"",
					"\"${PODS_CONFIGURATION_BUILD_DIR}/YYModel/YYModel.framework/Headers\"",
					"$(SDKROOT)/usr/include/libxml2",
				);
				INFOPLIST_FILE = "AEObjCWorking/Supporting Files/AEObjCWorking-Info.plist";
				IPHONEOS_DEPLOYMENT_TARGET = 9.0;
				MODULE_NAME = ExampleApp;
				PRODUCT_BUNDLE_IDENTIFIER = m.cebbank.test.AEObjCWorking;
				PRODUCT_NAME = "$(TARGET_NAME)";
				PROVISIONING_PROFILE_SPECIFIER = "Test*_dev_20200730";
				WRAPPER_EXTENSION = app;
			};
			name = Release;
		};
		6003F5C3195388D20070C39A /* Debug */ = {
			isa = XCBuildConfiguration;
			baseConfigurationReference = 9B55D63D400D4580DC7E0A24 /* Pods-AEObjCWorking_Tests.debug.xcconfig */;
			buildSettings = {
				BUNDLE_LOADER = "$(TEST_HOST)";
				FRAMEWORK_SEARCH_PATHS = (
					"$(SDKROOT)/Developer/Library/Frameworks",
					"$(inherited)",
					"$(DEVELOPER_FRAMEWORKS_DIR)",
				);
				GCC_PRECOMPILE_PREFIX_HEADER = YES;
				GCC_PREFIX_HEADER = "Tests/Tests-Prefix.pch";
				GCC_PREPROCESSOR_DEFINITIONS = (
					"DEBUG=1",
					"$(inherited)",
				);
				INFOPLIST_FILE = "Tests/Tests-Info.plist";
				PRODUCT_BUNDLE_IDENTIFIER = "org.cocoapods.demo.${PRODUCT_NAME:rfc1034identifier}";
				PRODUCT_NAME = "$(TARGET_NAME)";
				TEST_HOST = "$(BUILT_PRODUCTS_DIR)/AEObjCWorking_Example.app/AEObjCWorking_Example";
				WRAPPER_EXTENSION = xctest;
			};
			name = Debug;
		};
		6003F5C4195388D20070C39A /* Release */ = {
			isa = XCBuildConfiguration;
			baseConfigurationReference = F2C3863DA3F67CE4ACF8899F /* Pods-AEObjCWorking_Tests.release.xcconfig */;
			buildSettings = {
				BUNDLE_LOADER = "$(TEST_HOST)";
				FRAMEWORK_SEARCH_PATHS = (
					"$(SDKROOT)/Developer/Library/Frameworks",
					"$(inherited)",
					"$(DEVELOPER_FRAMEWORKS_DIR)",
				);
				GCC_PRECOMPILE_PREFIX_HEADER = YES;
				GCC_PREFIX_HEADER = "Tests/Tests-Prefix.pch";
				INFOPLIST_FILE = "Tests/Tests-Info.plist";
				PRODUCT_BUNDLE_IDENTIFIER = "org.cocoapods.demo.${PRODUCT_NAME:rfc1034identifier}";
				PRODUCT_NAME = "$(TARGET_NAME)";
				TEST_HOST = "$(BUILT_PRODUCTS_DIR)/AEObjCWorking_Example.app/AEObjCWorking_Example";
				WRAPPER_EXTENSION = xctest;
			};
			name = Release;
		};
/* End XCBuildConfiguration section */

/* Begin XCConfigurationList section */
		6003F585195388D10070C39A /* Build configuration list for PBXProject "AEObjCWorking" */ = {
			isa = XCConfigurationList;
			buildConfigurations = (
				6003F5BD195388D20070C39A /* Debug */,
				6003F5BE195388D20070C39A /* Release */,
			);
			defaultConfigurationIsVisible = 0;
			defaultConfigurationName = Release;
		};
		6003F5BF195388D20070C39A /* Build configuration list for PBXNativeTarget "AEObjCWorking_Example" */ = {
			isa = XCConfigurationList;
			buildConfigurations = (
				6003F5C0195388D20070C39A /* Debug */,
				6003F5C1195388D20070C39A /* Release */,
			);
			defaultConfigurationIsVisible = 0;
			defaultConfigurationName = Release;
		};
		6003F5C2195388D20070C39A /* Build configuration list for PBXNativeTarget "AEObjCWorking_Tests" */ = {
			isa = XCConfigurationList;
			buildConfigurations = (
				6003F5C3195388D20070C39A /* Debug */,
				6003F5C4195388D20070C39A /* Release */,
			);
			defaultConfigurationIsVisible = 0;
			defaultConfigurationName = Release;
		};
/* End XCConfigurationList section */
	};
	rootObject = 6003F582195388D10070C39A /* Project object */;
}
